
Microsoft Visual Studio Solution File, Format Version 12.00
# Visual Studio Version 17
VisualStudioVersion = 17.6.33815.320
MinimumVisualStudioVersion = 10.0.40219.1
Project("{2150E333-8FDC-42A3-9474-1A3956D46DE8}") = "1-10", "1-10", "{849C3C7B-A689-41F3-81DD-4C0F155BC481}"
EndProject
Project("{8BC9CEB8-8B4A-11D0-8D11-00A0C91BC942}") = "twosum", "1-10\twosum\twosum.vcxproj", "{C6F770C1-B30B-410C-B3F7-20CE37F2A436}"
EndProject
Project("{8BC9CEB8-8B4A-11D0-8D11-00A0C91BC942}") = "addtwonum", "1-10\addtwonum\addtwonum.vcxproj", "{83CB1104-B7C7-4693-9C7D-8C10F4B34719}"
EndProject
Project("{8BC9CEB8-8B4A-11D0-8D11-00A0C91BC942}") = "longestsubstring", "1-10\longestsubstring\longestsubstring.vcxproj", "{75E3F424-E9B9-4F8A-B7DC-66AD156DF123}"
EndProject
Project("{8BC9CEB8-8B4A-11D0-8D11-00A0C91BC942}") = "medianof2sortedarrays", "1-10\medianof2sortedarrays\medianof2sortedarrays.vcxproj", "{462CE8F9-F69F-4340-AA60-252ED0368732}"
EndProject
Project("{8BC9CEB8-8B4A-11D0-8D11-00A0C91BC942}") = "palinDromeNumber", "1-10\palinDromeNumber\palinDromeNumber.vcxproj", "{6C075908-3D6C-4A26-8385-8686F0685835}"
EndProject
Project("{8BC9CEB8-8B4A-11D0-8D11-00A0C91BC942}") = "longestPalinSubString", "1-10\longestPalinSubString\longestPalinSubString.vcxproj", "{DFE63281-86EE-4E43-BB3A-B044DC567B06}"
EndProject
Project("{2150E333-8FDC-42A3-9474-1A3956D46DE8}") = "21-30", "21-30", "{E645B324-F099-4F85-9F97-DF306417B1D6}"
EndProject
Project("{8BC9CEB8-8B4A-11D0-8D11-00A0C91BC942}") = "mergetwosortedlist", "21-30\mergetwosortedlist\mergetwosortedlist.vcxproj", "{2EDAAD8A-6792-4243-977D-2158CBD12C34}"
EndProject
Project("{2150E333-8FDC-42A3-9474-1A3956D46DE8}") = "11-20", "11-20", "{A104675D-A978-4CB3-85B1-1212F64014FF}"
EndProject
Project("{8BC9CEB8-8B4A-11D0-8D11-00A0C91BC942}") = "validparenthesis", "11-20\validparenthesis\validparenthesis.vcxproj", "{6AB66A73-9507-4A9F-83AC-D4653F3B2AE9}"
EndProject
Project("{8BC9CEB8-8B4A-11D0-8D11-00A0C91BC942}") = "removeelement", "21-30\removeelement\removeelement.vcxproj", "{DCFDC9FA-E7DA-4CDC-9B57-257A945B68A6}"
EndProject
Project("{8BC9CEB8-8B4A-11D0-8D11-00A0C91BC942}") = "rmduplicates", "21-30\rmduplicates\rmduplicates.vcxproj", "{75B4F5C2-4737-4FE1-ADD5-D3D926B81BC9}"
EndProject
Project("{2150E333-8FDC-42A3-9474-1A3956D46DE8}") = "41-50", "41-50", "{7D44D388-6077-46C3-A129-C8FADF4EA812}"
EndProject
Project("{8BC9CEB8-8B4A-11D0-8D11-00A0C91BC942}") = "mypow", "41-50\mypow\mypow.vcxproj", "{558702E3-AFA7-4045-9B73-868ED7A0AACA}"
EndProject
Global
	GlobalSection(SolutionConfigurationPlatforms) = preSolution
		Debug|x64 = Debug|x64
		Debug|x86 = Debug|x86
		Release|x64 = Release|x64
		Release|x86 = Release|x86
	EndGlobalSection
	GlobalSection(ProjectConfigurationPlatforms) = postSolution
		{C6F770C1-B30B-410C-B3F7-20CE37F2A436}.Debug|x64.ActiveCfg = Debug|x64
		{C6F770C1-B30B-410C-B3F7-20CE37F2A436}.Debug|x64.Build.0 = Debug|x64
		{C6F770C1-B30B-410C-B3F7-20CE37F2A436}.Debug|x86.ActiveCfg = Debug|Win32
		{C6F770C1-B30B-410C-B3F7-20CE37F2A436}.Debug|x86.Build.0 = Debug|Win32
		{C6F770C1-B30B-410C-B3F7-20CE37F2A436}.Release|x64.ActiveCfg = Release|x64
		{C6F770C1-B30B-410C-B3F7-20CE37F2A436}.Release|x64.Build.0 = Release|x64
		{C6F770C1-B30B-410C-B3F7-20CE37F2A436}.Release|x86.ActiveCfg = Release|Win32
		{C6F770C1-B30B-410C-B3F7-20CE37F2A436}.Release|x86.Build.0 = Release|Win32
		{83CB1104-B7C7-4693-9C7D-8C10F4B34719}.Debug|x64.ActiveCfg = Debug|x64
		{83CB1104-B7C7-4693-9C7D-8C10F4B34719}.Debug|x64.Build.0 = Debug|x64
		{83CB1104-B7C7-4693-9C7D-8C10F4B34719}.Debug|x86.ActiveCfg = Debug|Win32
		{83CB1104-B7C7-4693-9C7D-8C10F4B34719}.Debug|x86.Build.0 = Debug|Win32
		{83CB1104-B7C7-4693-9C7D-8C10F4B34719}.Release|x64.ActiveCfg = Release|x64
		{83CB1104-B7C7-4693-9C7D-8C10F4B34719}.Release|x64.Build.0 = Release|x64
		{83CB1104-B7C7-4693-9C7D-8C10F4B34719}.Release|x86.ActiveCfg = Release|Win32
		{83CB1104-B7C7-4693-9C7D-8C10F4B34719}.Release|x86.Build.0 = Release|Win32
		{75E3F424-E9B9-4F8A-B7DC-66AD156DF123}.Debug|x64.ActiveCfg = Debug|x64
		{75E3F424-E9B9-4F8A-B7DC-66AD156DF123}.Debug|x64.Build.0 = Debug|x64
		{75E3F424-E9B9-4F8A-B7DC-66AD156DF123}.Debug|x86.ActiveCfg = Debug|Win32
		{75E3F424-E9B9-4F8A-B7DC-66AD156DF123}.Debug|x86.Build.0 = Debug|Win32
		{75E3F424-E9B9-4F8A-B7DC-66AD156DF123}.Release|x64.ActiveCfg = Release|x64
		{75E3F424-E9B9-4F8A-B7DC-66AD156DF123}.Release|x64.Build.0 = Release|x64
		{75E3F424-E9B9-4F8A-B7DC-66AD156DF123}.Release|x86.ActiveCfg = Release|Win32
		{75E3F424-E9B9-4F8A-B7DC-66AD156DF123}.Release|x86.Build.0 = Release|Win32
		{462CE8F9-F69F-4340-AA60-252ED0368732}.Debug|x64.ActiveCfg = Debug|x64
		{462CE8F9-F69F-4340-AA60-252ED0368732}.Debug|x64.Build.0 = Debug|x64
		{462CE8F9-F69F-4340-AA60-252ED0368732}.Debug|x86.ActiveCfg = Debug|Win32
		{462CE8F9-F69F-4340-AA60-252ED0368732}.Debug|x86.Build.0 = Debug|Win32
		{462CE8F9-F69F-4340-AA60-252ED0368732}.Release|x64.ActiveCfg = Release|x64
		{462CE8F9-F69F-4340-AA60-252ED0368732}.Release|x64.Build.0 = Release|x64
		{462CE8F9-F69F-4340-AA60-252ED0368732}.Release|x86.ActiveCfg = Release|Win32
		{462CE8F9-F69F-4340-AA60-252ED0368732}.Release|x86.Build.0 = Release|Win32
		{6C075908-3D6C-4A26-8385-8686F0685835}.Debug|x64.ActiveCfg = Debug|x64
		{6C075908-3D6C-4A26-8385-8686F0685835}.Debug|x64.Build.0 = Debug|x64
		{6C075908-3D6C-4A26-8385-8686F0685835}.Debug|x86.ActiveCfg = Debug|Win32
		{6C075908-3D6C-4A26-8385-8686F0685835}.Debug|x86.Build.0 = Debug|Win32
		{6C075908-3D6C-4A26-8385-8686F0685835}.Release|x64.ActiveCfg = Release|x64
		{6C075908-3D6C-4A26-8385-8686F0685835}.Release|x64.Build.0 = Release|x64
		{6C075908-3D6C-4A26-8385-8686F0685835}.Release|x86.ActiveCfg = Release|Win32
		{6C075908-3D6C-4A26-8385-8686F0685835}.Release|x86.Build.0 = Release|Win32
		{DFE63281-86EE-4E43-BB3A-B044DC567B06}.Debug|x64.ActiveCfg = Debug|x64
		{DFE63281-86EE-4E43-BB3A-B044DC567B06}.Debug|x64.Build.0 = Debug|x64
		{DFE63281-86EE-4E43-BB3A-B044DC567B06}.Debug|x86.ActiveCfg = Debug|Win32
		{DFE63281-86EE-4E43-BB3A-B044DC567B06}.Debug|x86.Build.0 = Debug|Win32
		{DFE63281-86EE-4E43-BB3A-B044DC567B06}.Release|x64.ActiveCfg = Release|x64
		{DFE63281-86EE-4E43-BB3A-B044DC567B06}.Release|x64.Build.0 = Release|x64
		{DFE63281-86EE-4E43-BB3A-B044DC567B06}.Release|x86.ActiveCfg = Release|Win32
		{DFE63281-86EE-4E43-BB3A-B044DC567B06}.Release|x86.Build.0 = Release|Win32
		{2EDAAD8A-6792-4243-977D-2158CBD12C34}.Debug|x64.ActiveCfg = Debug|x64
		{2EDAAD8A-6792-4243-977D-2158CBD12C34}.Debug|x64.Build.0 = Debug|x64
		{2EDAAD8A-6792-4243-977D-2158CBD12C34}.Debug|x86.ActiveCfg = Debug|Win32
		{2EDAAD8A-6792-4243-977D-2158CBD12C34}.Debug|x86.Build.0 = Debug|Win32
		{2EDAAD8A-6792-4243-977D-2158CBD12C34}.Release|x64.ActiveCfg = Release|x64
		{2EDAAD8A-6792-4243-977D-2158CBD12C34}.Release|x64.Build.0 = Release|x64
		{2EDAAD8A-6792-4243-977D-2158CBD12C34}.Release|x86.ActiveCfg = Release|Win32
		{2EDAAD8A-6792-4243-977D-2158CBD12C34}.Release|x86.Build.0 = Release|Win32
		{6AB66A73-9507-4A9F-83AC-D4653F3B2AE9}.Debug|x64.ActiveCfg = Debug|x64
		{6AB66A73-9507-4A9F-83AC-D4653F3B2AE9}.Debug|x64.Build.0 = Debug|x64
		{6AB66A73-9507-4A9F-83AC-D4653F3B2AE9}.Debug|x86.ActiveCfg = Debug|Win32
		{6AB66A73-9507-4A9F-83AC-D4653F3B2AE9}.Debug|x86.Build.0 = Debug|Win32
		{6AB66A73-9507-4A9F-83AC-D4653F3B2AE9}.Release|x64.ActiveCfg = Release|x64
		{6AB66A73-9507-4A9F-83AC-D4653F3B2AE9}.Release|x64.Build.0 = Release|x64
		{6AB66A73-9507-4A9F-83AC-D4653F3B2AE9}.Release|x86.ActiveCfg = Release|Win32
		{6AB66A73-9507-4A9F-83AC-D4653F3B2AE9}.Release|x86.Build.0 = Release|Win32
		{DCFDC9FA-E7DA-4CDC-9B57-257A945B68A6}.Debug|x64.ActiveCfg = Debug|x64
		{DCFDC9FA-E7DA-4CDC-9B57-257A945B68A6}.Debug|x64.Build.0 = Debug|x64
		{DCFDC9FA-E7DA-4CDC-9B57-257A945B68A6}.Debug|x86.ActiveCfg = Debug|Win32
		{DCFDC9FA-E7DA-4CDC-9B57-257A945B68A6}.Debug|x86.Build.0 = Debug|Win32
		{DCFDC9FA-E7DA-4CDC-9B57-257A945B68A6}.Release|x64.ActiveCfg = Release|x64
		{DCFDC9FA-E7DA-4CDC-9B57-257A945B68A6}.Release|x64.Build.0 = Release|x64
		{DCFDC9FA-E7DA-4CDC-9B57-257A945B68A6}.Release|x86.ActiveCfg = Release|Win32
		{DCFDC9FA-E7DA-4CDC-9B57-257A945B68A6}.Release|x86.Build.0 = Release|Win32
		{75B4F5C2-4737-4FE1-ADD5-D3D926B81BC9}.Debug|x64.ActiveCfg = Debug|x64
		{75B4F5C2-4737-4FE1-ADD5-D3D926B81BC9}.Debug|x64.Build.0 = Debug|x64
		{75B4F5C2-4737-4FE1-ADD5-D3D926B81BC9}.Debug|x86.ActiveCfg = Debug|Win32
		{75B4F5C2-4737-4FE1-ADD5-D3D926B81BC9}.Debug|x86.Build.0 = Debug|Win32
		{75B4F5C2-4737-4FE1-ADD5-D3D926B81BC9}.Release|x64.ActiveCfg = Release|x64
		{75B4F5C2-4737-4FE1-ADD5-D3D926B81BC9}.Release|x64.Build.0 = Release|x64
		{75B4F5C2-4737-4FE1-ADD5-D3D926B81BC9}.Release|x86.ActiveCfg = Release|Win32
		{75B4F5C2-4737-4FE1-ADD5-D3D926B81BC9}.Release|x86.Build.0 = Release|Win32
		{558702E3-AFA7-4045-9B73-868ED7A0AACA}.Debug|x64.ActiveCfg = Debug|x64
		{558702E3-AFA7-4045-9B73-868ED7A0AACA}.Debug|x64.Build.0 = Debug|x64
		{558702E3-AFA7-4045-9B73-868ED7A0AACA}.Debug|x86.ActiveCfg = Debug|Win32
		{558702E3-AFA7-4045-9B73-868ED7A0AACA}.Debug|x86.Build.0 = Debug|Win32
		{558702E3-AFA7-4045-9B73-868ED7A0AACA}.Release|x64.ActiveCfg = Release|x64
		{558702E3-AFA7-4045-9B73-868ED7A0AACA}.Release|x64.Build.0 = Release|x64
		{558702E3-AFA7-4045-9B73-868ED7A0AACA}.Release|x86.ActiveCfg = Release|Win32
		{558702E3-AFA7-4045-9B73-868ED7A0AACA}.Release|x86.Build.0 = Release|Win32
	EndGlobalSection
	GlobalSection(SolutionProperties) = preSolution
		HideSolutionNode = FALSE
	EndGlobalSection
	GlobalSection(NestedProjects) = preSolution
		{C6F770C1-B30B-410C-B3F7-20CE37F2A436} = {849C3C7B-A689-41F3-81DD-4C0F155BC481}
		{83CB1104-B7C7-4693-9C7D-8C10F4B34719} = {849C3C7B-A689-41F3-81DD-4C0F155BC481}
		{75E3F424-E9B9-4F8A-B7DC-66AD156DF123} = {849C3C7B-A689-41F3-81DD-4C0F155BC481}
		{462CE8F9-F69F-4340-AA60-252ED0368732} = {849C3C7B-A689-41F3-81DD-4C0F155BC481}
		{6C075908-3D6C-4A26-8385-8686F0685835} = {849C3C7B-A689-41F3-81DD-4C0F155BC481}
		{DFE63281-86EE-4E43-BB3A-B044DC567B06} = {849C3C7B-A689-41F3-81DD-4C0F155BC481}
		{2EDAAD8A-6792-4243-977D-2158CBD12C34} = {E645B324-F099-4F85-9F97-DF306417B1D6}
		{6AB66A73-9507-4A9F-83AC-D4653F3B2AE9} = {A104675D-A978-4CB3-85B1-1212F64014FF}
		{DCFDC9FA-E7DA-4CDC-9B57-257A945B68A6} = {A104675D-A978-4CB3-85B1-1212F64014FF}
		{75B4F5C2-4737-4FE1-ADD5-D3D926B81BC9} = {A104675D-A978-4CB3-85B1-1212F64014FF}
		{558702E3-AFA7-4045-9B73-868ED7A0AACA} = {7D44D388-6077-46C3-A129-C8FADF4EA812}
	EndGlobalSection
	GlobalSection(ExtensibilityGlobals) = postSolution
		SolutionGuid = {24C1D5B9-1904-4AA9-9000-BF16CEEA797B}
	EndGlobalSection
EndGlobal
