
Microsoft Visual Studio Solution File, Format Version 12.00
# Visual Studio Version 17
VisualStudioVersion = 17.6.33815.320
MinimumVisualStudioVersion = 10.0.40219.1
Project("{2150E333-8FDC-42A3-9474-1A3956D46DE8}") = "1-10", "1-10", "{849C3C7B-A689-41F3-81DD-4C0F155BC481}"
EndProject
Project("{8BC9CEB8-8B4A-11D0-8D11-00A0C91BC942}") = "twosum", "1-10\twosum\twosum.vcxproj", "{C6F770C1-B30B-410C-B3F7-20CE37F2A436}"
EndProject
Project("{8BC9CEB8-8B4A-11D0-8D11-00A0C91BC942}") = "addtwonum", "1-10\addtwonum\addtwonum.vcxproj", "{83CB1104-B7C7-4693-9C7D-8C10F4B34719}"
EndProject
Project("{8BC9CEB8-8B4A-11D0-8D11-00A0C91BC942}") = "longestsubstring", "1-10\longestsubstring\longestsubstring.vcxproj", "{75E3F424-E9B9-4F8A-B7DC-66AD156DF123}"
EndProject
Project("{8BC9CEB8-8B4A-11D0-8D11-00A0C91BC942}") = "medianof2sortedarrays", "1-10\medianof2sortedarrays\medianof2sortedarrays.vcxproj", "{462CE8F9-F69F-4340-AA60-252ED0368732}"
EndProject
Project("{8BC9CEB8-8B4A-11D0-8D11-00A0C91BC942}") = "palinDromeNumber", "1-10\palinDromeNumber\palinDromeNumber.vcxproj", "{6C075908-3D6C-4A26-8385-8686F0685835}"
EndProject
Project("{8BC9CEB8-8B4A-11D0-8D11-00A0C91BC942}") = "longestPalinSubString", "1-10\longestPalinSubString\longestPalinSubString.vcxproj", "{DFE63281-86EE-4E43-BB3A-B044DC567B06}"
EndProject
Project("{2150E333-8FDC-42A3-9474-1A3956D46DE8}") = "21-30", "21-30", "{E645B324-F099-4F85-9F97-DF306417B1D6}"
EndProject
Project("{8BC9CEB8-8B4A-11D0-8D11-00A0C91BC942}") = "mergetwosortedlist", "21-30\mergetwosortedlist\mergetwosortedlist.vcxproj", "{2EDAAD8A-6792-4243-977D-2158CBD12C34}"
EndProject
Project("{2150E333-8FDC-42A3-9474-1A3956D46DE8}") = "11-20", "11-20", "{A104675D-A978-4CB3-85B1-1212F64014FF}"
EndProject
Project("{8BC9CEB8-8B4A-11D0-8D11-00A0C91BC942}") = "validparenthesis", "11-20\validparenthesis\validparenthesis.vcxproj", "{6AB66A73-9507-4A9F-83AC-D4653F3B2AE9}"
EndProject
Project("{8BC9CEB8-8B4A-11D0-8D11-00A0C91BC942}") = "removeelement", "21-30\removeelement\removeelement.vcxproj", "{DCFDC9FA-E7DA-4CDC-9B57-257A945B68A6}"
EndProject
Project("{8BC9CEB8-8B4A-11D0-8D11-00A0C91BC942}") = "rmduplicates", "21-30\rmduplicates\rmduplicates.vcxproj", "{75B4F5C2-4737-4FE1-ADD5-D3D926B81BC9}"
EndProject
Project("{2150E333-8FDC-42A3-9474-1A3956D46DE8}") = "41-50", "41-50", "{7D44D388-6077-46C3-A129-C8FADF4EA812}"
EndProject
Project("{8BC9CEB8-8B4A-11D0-8D11-00A0C91BC942}") = "mypow", "41-50\mypow\mypow.vcxproj", "{558702E3-AFA7-4045-9B73-868ED7A0AACA}"
EndProject
Project("{8BC9CEB8-8B4A-11D0-8D11-00A0C91BC942}") = "reverseint", "1-10\reverseint\reverseint.vcxproj", "{EE296283-7C24-443B-8C76-CE574FFE469E}"
EndProject
Project("{2150E333-8FDC-42A3-9474-1A3956D46DE8}") = "31-40", "31-40", "{8AF84B11-F8C8-4365-853D-DB6C9660ED86}"
EndProject
Project("{8BC9CEB8-8B4A-11D0-8D11-00A0C91BC942}") = "combinationsum", "31-40\combinationsum\combinationsum.vcxproj", "{43533BB9-BE25-4BFA-BA8C-EB7D5306FB7B}"
EndProject
Project("{8BC9CEB8-8B4A-11D0-8D11-00A0C91BC942}") = "longestprefix", "11-20\longestprefix\longestprefix.vcxproj", "{E6C7CE10-9B96-49FD-8557-3EFC8AFF1A57}"
EndProject
Project("{8BC9CEB8-8B4A-11D0-8D11-00A0C91BC942}") = "firstoccurrenceofstring", "21-30\firstoccurrenceofstring\firstoccurrenceofstring.vcxproj", "{04FAA7F1-0CBC-4D11-BF52-7A232925E0EF}"
EndProject
Project("{8BC9CEB8-8B4A-11D0-8D11-00A0C91BC942}") = "mergeksortedlists", "21-30\mergeksortedlists\mergeksortedlists.vcxproj", "{C41C8EF8-99F2-4543-9D93-4A18243D121B}"
EndProject
Project("{8BC9CEB8-8B4A-11D0-8D11-00A0C91BC942}") = "permutations", "41-50\permutations\permutations.vcxproj", "{BE578BF7-4B06-4D79-B1BF-ED0C8F938150}"
EndProject
Project("{8BC9CEB8-8B4A-11D0-8D11-00A0C91BC942}") = "permutations2", "41-50\permutations2\permutations2.vcxproj", "{9B3F86D9-06BC-4844-83CE-361982275384}"
EndProject
Project("{8BC9CEB8-8B4A-11D0-8D11-00A0C91BC942}") = "nextpermutation", "31-40\nextpermutation\nextpermutation.vcxproj", "{1FD52265-BA81-4B9E-A9D4-A2FA5E837004}"
EndProject
Project("{8BC9CEB8-8B4A-11D0-8D11-00A0C91BC942}") = "zigzagconversion", "1-10\zigzagconversion\zigzagconversion.vcxproj", "{E3D2BD03-05CE-4956-B566-C017A459219A}"
EndProject
Project("{2150E333-8FDC-42A3-9474-1A3956D46DE8}") = "51-60", "51-60", "{E4090D76-82CE-402A-9F3B-C5B2B29B703F}"
EndProject
Project("{8BC9CEB8-8B4A-11D0-8D11-00A0C91BC942}") = "lengthoflastword", "51-60\lengthoflastword\lengthoflastword.vcxproj", "{202A5747-EB5B-4907-B768-83F5AC6B8E7A}"
EndProject
Project("{2150E333-8FDC-42A3-9474-1A3956D46DE8}") = "81-90", "81-90", "{5317B73F-A7F3-46B3-AF16-3477C598657C}"
EndProject
Project("{8BC9CEB8-8B4A-11D0-8D11-00A0C91BC942}") = "mergesortedarray", "81-90\mergesortedarray\mergesortedarray.vcxproj", "{E0F593E3-DD72-4232-85E2-3A4E5A91E05B}"
EndProject
Project("{8BC9CEB8-8B4A-11D0-8D11-00A0C91BC942}") = "removeduplicatesfromlist", "81-90\removeduplicatesfromlist\removeduplicatesfromlist.vcxproj", "{CB4EABF7-DB5F-4802-B80F-F11A70657B2D}"
EndProject
Project("{2150E333-8FDC-42A3-9474-1A3956D46DE8}") = "61-70", "61-70", "{95F5EA06-C6D9-4D7D-B5C5-38239820AB50}"
EndProject
Project("{8BC9CEB8-8B4A-11D0-8D11-00A0C91BC942}") = "sqrt", "61-70\sqrt\sqrt.vcxproj", "{4AA27B4C-F59C-4758-89F4-9DE7FBFB71E9}"
EndProject
Project("{8BC9CEB8-8B4A-11D0-8D11-00A0C91BC942}") = "plus1", "61-70\plus1\plus1.vcxproj", "{8BEB3D44-EAC7-4461-A3F8-21DDFACA16F1}"
EndProject
Project("{8BC9CEB8-8B4A-11D0-8D11-00A0C91BC942}") = "climbstairs", "61-70\climbstairs\climbstairs.vcxproj", "{061ED5F3-8904-49A4-8517-F85F829E6CEE}"
EndProject
Project("{2150E333-8FDC-42A3-9474-1A3956D46DE8}") = "91-100", "91-100", "{AB3E0695-3F67-4D86-8A2A-6EB2181174B3}"
EndProject
Project("{8BC9CEB8-8B4A-11D0-8D11-00A0C91BC942}") = "sametree", "91-100\sametree\sametree.vcxproj", "{B68EE88D-379F-42B2-9103-910F4A308E4D}"
EndProject
Project("{2150E333-8FDC-42A3-9474-1A3956D46DE8}") = "71-80", "71-80", "{C5A0120B-CDDD-40FE-BB07-DAB153281CAE}"
EndProject
Project("{8BC9CEB8-8B4A-11D0-8D11-00A0C91BC942}") = "search2dmatrix", "71-80\search2dmatrix\search2dmatrix.vcxproj", "{C3655F75-9575-44C6-9B12-C5AFEAD1F207}"
EndProject
Project("{8BC9CEB8-8B4A-11D0-8D11-00A0C91BC942}") = "uniquepaths", "61-70\uniquepaths\uniquepaths.vcxproj", "{ACF63036-AB8E-47B9-B417-A5656D845FEA}"
EndProject
Project("{8BC9CEB8-8B4A-11D0-8D11-00A0C91BC942}") = "inordertraversal", "91-100\inordertraversal\inordertraversal.vcxproj", "{2312F16D-4688-440F-B342-ED530832AF59}"
EndProject
Project("{2150E333-8FDC-42A3-9474-1A3956D46DE8}") = "271-280", "271-280", "{CAFEDE64-B708-48D2-9EC5-BC3198E53946}"
EndProject
Project("{8BC9CEB8-8B4A-11D0-8D11-00A0C91BC942}") = "firstbadversion", "271-280\firstbadversion\firstbadversion.vcxproj", "{F9748BEF-5D6E-4EA4-974A-CE7D9DA139E7}"
EndProject
Project("{2150E333-8FDC-42A3-9474-1A3956D46DE8}") = "161-170", "161-170", "{AD78E37F-FCFF-4827-ACE6-E8ED3888AFFD}"
EndProject
Project("{8BC9CEB8-8B4A-11D0-8D11-00A0C91BC942}") = "majorityelement", "161-170\majorityelement\majorityelement.vcxproj", "{BF3F52B0-9DB3-4179-8B14-795326697571}"
EndProject
Project("{2150E333-8FDC-42A3-9474-1A3956D46DE8}") = "2061-2070", "2061-2070", "{E8769AD8-ECD5-422A-B365-31F366086830}"
EndProject
Project("{8BC9CEB8-8B4A-11D0-8D11-00A0C91BC942}") = "countvowelssubstring", "2061-2070\countvowelssubstring\countvowelssubstring.vcxproj", "{12EAD39F-9912-4561-A2DE-F8DDC5FEE895}"
EndProject
Project("{8BC9CEB8-8B4A-11D0-8D11-00A0C91BC942}") = "nqueen", "51-60\nqueen\nqueen.vcxproj", "{344A62DF-9C38-4666-8C08-3C7A7546B783}"
EndProject
Project("{8BC9CEB8-8B4A-11D0-8D11-00A0C91BC942}") = "rotateimage", "41-50\rotateimage\rotateimage.vcxproj", "{8D54F37A-58F7-4AEB-917A-8E5AB974AAD4}"
EndProject
Project("{2150E333-8FDC-42A3-9474-1A3956D46DE8}") = "411-420", "411-420", "{8E5A156B-EB6A-43AA-AB7B-2166AC9E0053}"
EndProject
Project("{8BC9CEB8-8B4A-11D0-8D11-00A0C91BC942}") = "thirdmaximumnumber", "411-420\thirdmaximumnumber\thirdmaximumnumber.vcxproj", "{71E9D4E1-3697-43B8-A905-C62CF703A663}"
EndProject
Project("{2150E333-8FDC-42A3-9474-1A3956D46DE8}") = "321-330", "321-330", "{49BDB30C-96A2-4B26-B8D8-FBF526864184}"
EndProject
Project("{8BC9CEB8-8B4A-11D0-8D11-00A0C91BC942}") = "powerofthree", "321-330\powerofthree\powerofthree.vcxproj", "{A0F5A121-D04E-469C-A8B8-B0546D4D70C2}"
EndProject
Project("{2150E333-8FDC-42A3-9474-1A3956D46DE8}") = "261-270", "261-270", "{76102AD6-A3AC-4313-AFB9-95E37BB5239E}"
EndProject
Project("{8BC9CEB8-8B4A-11D0-8D11-00A0C91BC942}") = "missingnumber", "261-270\missingnumber\missingnumber.vcxproj", "{31142149-2532-4A7F-829F-50094FDAC036}"
EndProject
Project("{2150E333-8FDC-42A3-9474-1A3956D46DE8}") = "141-150", "141-150", "{7BF3F7B4-39B1-4A67-BC45-959EAC75B6CF}"
EndProject
Project("{8BC9CEB8-8B4A-11D0-8D11-00A0C91BC942}") = "preordertraversal", "141-150\preordertraversal\preordertraversal.vcxproj", "{5E34411E-A8A5-46EA-83E7-E27C2F432B43}"
EndProject
Project("{8BC9CEB8-8B4A-11D0-8D11-00A0C91BC942}") = "postordertraversal", "141-150\preordertraversal\postordertraversal\postordertraversal.vcxproj", "{59C476C7-BE6E-49D7-96A1-DCD38D96F84B}"
EndProject
Project("{8BC9CEB8-8B4A-11D0-8D11-00A0C91BC942}") = "subsets", "71-80\subsets\subsets.vcxproj", "{BEED0C84-ED57-422F-A483-3CF85D4299C6}"
EndProject
Project("{2150E333-8FDC-42A3-9474-1A3956D46DE8}") = "2071-2080", "2071-2080", "{55DF9C94-FD37-44A0-81AE-1000BCF0A6E3}"
EndProject
Project("{8BC9CEB8-8B4A-11D0-8D11-00A0C91BC942}") = "buytwochocolates", "2071-2080\buytwochocolates\buytwochocolates.vcxproj", "{12B2C41A-A572-4310-A62A-331357D6E81D}"
EndProject
Project("{2150E333-8FDC-42A3-9474-1A3956D46DE8}") = "2731-2740", "2731-2740", "{377C2E6B-D13F-4BBC-A6EE-C5DE695B8A30}"
EndProject
Project("{8BC9CEB8-8B4A-11D0-8D11-00A0C91BC942}") = "neithermaximumorminimum", "2731-2740\neithermaximumorminimum\neithermaximumorminimum.vcxproj", "{3126D060-FE31-4FD3-9F5C-45C44F8F8582}"
EndProject
Project("{2150E333-8FDC-42A3-9474-1A3956D46DE8}") = "2741-2750", "2741-2750", "{1F653DB4-4ED9-4360-9DE9-CAD9FEF18DE9}"
EndProject
Project("{8BC9CEB8-8B4A-11D0-8D11-00A0C91BC942}") = "findmaximnumberofpairs", "2741-2750\findmaximnumberofpairs\findmaximnumberofpairs.vcxproj", "{D14CD4C2-86EF-40DD-8436-8C5204521E41}"
EndProject
Project("{2150E333-8FDC-42A3-9474-1A3956D46DE8}") = "2781-2790", "2781-2790", "{E19FA791-50C0-4845-A00E-EADB37039BD6}"
EndProject
Project("{8BC9CEB8-8B4A-11D0-8D11-00A0C91BC942}") = "splitstringsbyseparator", "2781-2790\splitstringsbyseparator\splitstringsbyseparator.vcxproj", "{54868374-DBE7-4364-9FED-6DCB42A60563}"
EndProject
Project("{2150E333-8FDC-42A3-9474-1A3956D46DE8}") = "2551-2560", "2551-2560", "{0A074855-4288-42AE-BA3B-A1864C64DB5C}"
EndProject
Project("{8BC9CEB8-8B4A-11D0-8D11-00A0C91BC942}") = "separatedigitsimarray", "2551-2560\separatedigitsimarray\separatedigitsimarray.vcxproj", "{FA17D6C0-2AF8-4544-8DC1-CB642D90F827}"
EndProject
Project("{2150E333-8FDC-42A3-9474-1A3956D46DE8}") = "511-520", "511-520", "{F0090C7E-58B5-498A-8E03-3C29B8E4466F}"
EndProject
Project("{8BC9CEB8-8B4A-11D0-8D11-00A0C91BC942}") = "detectcapital", "511-520\detectcapital\detectcapital.vcxproj", "{1F9EC4A8-3C91-4EAA-8A6D-5568174CE01A}"
EndProject
Project("{2150E333-8FDC-42A3-9474-1A3956D46DE8}") = "121-130", "121-130", "{B1F7062E-D595-4C97-8036-EE00276EF118}"
EndProject
Project("{2150E333-8FDC-42A3-9474-1A3956D46DE8}") = "111-120", "111-120", "{A85DD0C9-E020-4288-B0E5-3459762E6E74}"
EndProject
Project("{8BC9CEB8-8B4A-11D0-8D11-00A0C91BC942}") = "pascaltriangle", "111-120\pascaltriangle\pascaltriangle.vcxproj", "{CC439742-B782-4F51-A590-77F2A035BC7D}"
EndProject
Project("{2150E333-8FDC-42A3-9474-1A3956D46DE8}") = "501-510", "501-510", "{B9B696D3-3B5A-488E-BDDA-2BC2CDC7F118}"
EndProject
Project("{8BC9CEB8-8B4A-11D0-8D11-00A0C91BC942}") = "fib", "501-510\fib\fib.vcxproj", "{79C29E20-350A-48C1-B5EB-6487D4881E64}"
EndProject
Project("{2150E333-8FDC-42A3-9474-1A3956D46DE8}") = "1131-1140", "1131-1140", "{1B849CF8-F217-42AB-AF11-47E85A140B83}"
EndProject
Project("{8BC9CEB8-8B4A-11D0-8D11-00A0C91BC942}") = "tribonacci", "1131-1140\tribonacci\tribonacci.vcxproj", "{8662ED5B-B6E9-4F84-AC76-E05AA105FD1C}"
EndProject
Project("{8BC9CEB8-8B4A-11D0-8D11-00A0C91BC942}") = "besttimetobuyandsellstock", "121-130\besttimetobuyandsellstock\besttimetobuyandsellstock.vcxproj", "{A3A454D7-0082-4C44-9918-1EF413527BE3}"
EndProject
Project("{2150E333-8FDC-42A3-9474-1A3956D46DE8}") = "1641-1650", "1641-1650", "{3615B8FE-FC95-48CC-BC8C-83B757329FBB}"
EndProject
Project("{8BC9CEB8-8B4A-11D0-8D11-00A0C91BC942}") = "getmaximumingeneratedarray", "1641-1650\getmaximumingeneratedarray\getmaximumingeneratedarray.vcxproj", "{C21B9CAC-B1BE-4FB9-B8E2-17A5786595AB}"
EndProject
Project("{8BC9CEB8-8B4A-11D0-8D11-00A0C91BC942}") = "pascaltriangle2", "111-120\pascaltriangle2\pascaltriangle2.vcxproj", "{99770F47-9191-4D18-948A-30BBF459305C}"
EndProject
Project("{2150E333-8FDC-42A3-9474-1A3956D46DE8}") = "741-750", "741-750", "{48A409BC-2024-445B-AFFE-3521FC255C33}"
EndProject
Project("{8BC9CEB8-8B4A-11D0-8D11-00A0C91BC942}") = "mincostclimbingstairs", "741-750\mincostclimbingstairs\mincostclimbingstairs.vcxproj", "{CE06CD1D-FA04-42A7-872A-2965ADA571A0}"
EndProject
Global
	GlobalSection(SolutionConfigurationPlatforms) = preSolution
		Debug|x64 = Debug|x64
		Debug|x86 = Debug|x86
		Release|x64 = Release|x64
		Release|x86 = Release|x86
	EndGlobalSection
	GlobalSection(ProjectConfigurationPlatforms) = postSolution
		{C6F770C1-B30B-410C-B3F7-20CE37F2A436}.Debug|x64.ActiveCfg = Debug|x64
		{C6F770C1-B30B-410C-B3F7-20CE37F2A436}.Debug|x64.Build.0 = Debug|x64
		{C6F770C1-B30B-410C-B3F7-20CE37F2A436}.Debug|x86.ActiveCfg = Debug|Win32
		{C6F770C1-B30B-410C-B3F7-20CE37F2A436}.Debug|x86.Build.0 = Debug|Win32
		{C6F770C1-B30B-410C-B3F7-20CE37F2A436}.Release|x64.ActiveCfg = Release|x64
		{C6F770C1-B30B-410C-B3F7-20CE37F2A436}.Release|x64.Build.0 = Release|x64
		{C6F770C1-B30B-410C-B3F7-20CE37F2A436}.Release|x86.ActiveCfg = Release|Win32
		{C6F770C1-B30B-410C-B3F7-20CE37F2A436}.Release|x86.Build.0 = Release|Win32
		{83CB1104-B7C7-4693-9C7D-8C10F4B34719}.Debug|x64.ActiveCfg = Debug|x64
		{83CB1104-B7C7-4693-9C7D-8C10F4B34719}.Debug|x64.Build.0 = Debug|x64
		{83CB1104-B7C7-4693-9C7D-8C10F4B34719}.Debug|x86.ActiveCfg = Debug|Win32
		{83CB1104-B7C7-4693-9C7D-8C10F4B34719}.Debug|x86.Build.0 = Debug|Win32
		{83CB1104-B7C7-4693-9C7D-8C10F4B34719}.Release|x64.ActiveCfg = Release|x64
		{83CB1104-B7C7-4693-9C7D-8C10F4B34719}.Release|x64.Build.0 = Release|x64
		{83CB1104-B7C7-4693-9C7D-8C10F4B34719}.Release|x86.ActiveCfg = Release|Win32
		{83CB1104-B7C7-4693-9C7D-8C10F4B34719}.Release|x86.Build.0 = Release|Win32
		{75E3F424-E9B9-4F8A-B7DC-66AD156DF123}.Debug|x64.ActiveCfg = Debug|x64
		{75E3F424-E9B9-4F8A-B7DC-66AD156DF123}.Debug|x64.Build.0 = Debug|x64
		{75E3F424-E9B9-4F8A-B7DC-66AD156DF123}.Debug|x86.ActiveCfg = Debug|Win32
		{75E3F424-E9B9-4F8A-B7DC-66AD156DF123}.Debug|x86.Build.0 = Debug|Win32
		{75E3F424-E9B9-4F8A-B7DC-66AD156DF123}.Release|x64.ActiveCfg = Release|x64
		{75E3F424-E9B9-4F8A-B7DC-66AD156DF123}.Release|x64.Build.0 = Release|x64
		{75E3F424-E9B9-4F8A-B7DC-66AD156DF123}.Release|x86.ActiveCfg = Release|Win32
		{75E3F424-E9B9-4F8A-B7DC-66AD156DF123}.Release|x86.Build.0 = Release|Win32
		{462CE8F9-F69F-4340-AA60-252ED0368732}.Debug|x64.ActiveCfg = Debug|x64
		{462CE8F9-F69F-4340-AA60-252ED0368732}.Debug|x64.Build.0 = Debug|x64
		{462CE8F9-F69F-4340-AA60-252ED0368732}.Debug|x86.ActiveCfg = Debug|Win32
		{462CE8F9-F69F-4340-AA60-252ED0368732}.Debug|x86.Build.0 = Debug|Win32
		{462CE8F9-F69F-4340-AA60-252ED0368732}.Release|x64.ActiveCfg = Release|x64
		{462CE8F9-F69F-4340-AA60-252ED0368732}.Release|x64.Build.0 = Release|x64
		{462CE8F9-F69F-4340-AA60-252ED0368732}.Release|x86.ActiveCfg = Release|Win32
		{462CE8F9-F69F-4340-AA60-252ED0368732}.Release|x86.Build.0 = Release|Win32
		{6C075908-3D6C-4A26-8385-8686F0685835}.Debug|x64.ActiveCfg = Debug|x64
		{6C075908-3D6C-4A26-8385-8686F0685835}.Debug|x64.Build.0 = Debug|x64
		{6C075908-3D6C-4A26-8385-8686F0685835}.Debug|x86.ActiveCfg = Debug|Win32
		{6C075908-3D6C-4A26-8385-8686F0685835}.Debug|x86.Build.0 = Debug|Win32
		{6C075908-3D6C-4A26-8385-8686F0685835}.Release|x64.ActiveCfg = Release|x64
		{6C075908-3D6C-4A26-8385-8686F0685835}.Release|x64.Build.0 = Release|x64
		{6C075908-3D6C-4A26-8385-8686F0685835}.Release|x86.ActiveCfg = Release|Win32
		{6C075908-3D6C-4A26-8385-8686F0685835}.Release|x86.Build.0 = Release|Win32
		{DFE63281-86EE-4E43-BB3A-B044DC567B06}.Debug|x64.ActiveCfg = Debug|x64
		{DFE63281-86EE-4E43-BB3A-B044DC567B06}.Debug|x64.Build.0 = Debug|x64
		{DFE63281-86EE-4E43-BB3A-B044DC567B06}.Debug|x86.ActiveCfg = Debug|Win32
		{DFE63281-86EE-4E43-BB3A-B044DC567B06}.Debug|x86.Build.0 = Debug|Win32
		{DFE63281-86EE-4E43-BB3A-B044DC567B06}.Release|x64.ActiveCfg = Release|x64
		{DFE63281-86EE-4E43-BB3A-B044DC567B06}.Release|x64.Build.0 = Release|x64
		{DFE63281-86EE-4E43-BB3A-B044DC567B06}.Release|x86.ActiveCfg = Release|Win32
		{DFE63281-86EE-4E43-BB3A-B044DC567B06}.Release|x86.Build.0 = Release|Win32
		{2EDAAD8A-6792-4243-977D-2158CBD12C34}.Debug|x64.ActiveCfg = Debug|x64
		{2EDAAD8A-6792-4243-977D-2158CBD12C34}.Debug|x64.Build.0 = Debug|x64
		{2EDAAD8A-6792-4243-977D-2158CBD12C34}.Debug|x86.ActiveCfg = Debug|Win32
		{2EDAAD8A-6792-4243-977D-2158CBD12C34}.Debug|x86.Build.0 = Debug|Win32
		{2EDAAD8A-6792-4243-977D-2158CBD12C34}.Release|x64.ActiveCfg = Release|x64
		{2EDAAD8A-6792-4243-977D-2158CBD12C34}.Release|x64.Build.0 = Release|x64
		{2EDAAD8A-6792-4243-977D-2158CBD12C34}.Release|x86.ActiveCfg = Release|Win32
		{2EDAAD8A-6792-4243-977D-2158CBD12C34}.Release|x86.Build.0 = Release|Win32
		{6AB66A73-9507-4A9F-83AC-D4653F3B2AE9}.Debug|x64.ActiveCfg = Debug|x64
		{6AB66A73-9507-4A9F-83AC-D4653F3B2AE9}.Debug|x64.Build.0 = Debug|x64
		{6AB66A73-9507-4A9F-83AC-D4653F3B2AE9}.Debug|x86.ActiveCfg = Debug|Win32
		{6AB66A73-9507-4A9F-83AC-D4653F3B2AE9}.Debug|x86.Build.0 = Debug|Win32
		{6AB66A73-9507-4A9F-83AC-D4653F3B2AE9}.Release|x64.ActiveCfg = Release|x64
		{6AB66A73-9507-4A9F-83AC-D4653F3B2AE9}.Release|x64.Build.0 = Release|x64
		{6AB66A73-9507-4A9F-83AC-D4653F3B2AE9}.Release|x86.ActiveCfg = Release|Win32
		{6AB66A73-9507-4A9F-83AC-D4653F3B2AE9}.Release|x86.Build.0 = Release|Win32
		{DCFDC9FA-E7DA-4CDC-9B57-257A945B68A6}.Debug|x64.ActiveCfg = Debug|x64
		{DCFDC9FA-E7DA-4CDC-9B57-257A945B68A6}.Debug|x64.Build.0 = Debug|x64
		{DCFDC9FA-E7DA-4CDC-9B57-257A945B68A6}.Debug|x86.ActiveCfg = Debug|Win32
		{DCFDC9FA-E7DA-4CDC-9B57-257A945B68A6}.Debug|x86.Build.0 = Debug|Win32
		{DCFDC9FA-E7DA-4CDC-9B57-257A945B68A6}.Release|x64.ActiveCfg = Release|x64
		{DCFDC9FA-E7DA-4CDC-9B57-257A945B68A6}.Release|x64.Build.0 = Release|x64
		{DCFDC9FA-E7DA-4CDC-9B57-257A945B68A6}.Release|x86.ActiveCfg = Release|Win32
		{DCFDC9FA-E7DA-4CDC-9B57-257A945B68A6}.Release|x86.Build.0 = Release|Win32
		{75B4F5C2-4737-4FE1-ADD5-D3D926B81BC9}.Debug|x64.ActiveCfg = Debug|x64
		{75B4F5C2-4737-4FE1-ADD5-D3D926B81BC9}.Debug|x64.Build.0 = Debug|x64
		{75B4F5C2-4737-4FE1-ADD5-D3D926B81BC9}.Debug|x86.ActiveCfg = Debug|Win32
		{75B4F5C2-4737-4FE1-ADD5-D3D926B81BC9}.Debug|x86.Build.0 = Debug|Win32
		{75B4F5C2-4737-4FE1-ADD5-D3D926B81BC9}.Release|x64.ActiveCfg = Release|x64
		{75B4F5C2-4737-4FE1-ADD5-D3D926B81BC9}.Release|x64.Build.0 = Release|x64
		{75B4F5C2-4737-4FE1-ADD5-D3D926B81BC9}.Release|x86.ActiveCfg = Release|Win32
		{75B4F5C2-4737-4FE1-ADD5-D3D926B81BC9}.Release|x86.Build.0 = Release|Win32
		{558702E3-AFA7-4045-9B73-868ED7A0AACA}.Debug|x64.ActiveCfg = Debug|x64
		{558702E3-AFA7-4045-9B73-868ED7A0AACA}.Debug|x64.Build.0 = Debug|x64
		{558702E3-AFA7-4045-9B73-868ED7A0AACA}.Debug|x86.ActiveCfg = Debug|Win32
		{558702E3-AFA7-4045-9B73-868ED7A0AACA}.Debug|x86.Build.0 = Debug|Win32
		{558702E3-AFA7-4045-9B73-868ED7A0AACA}.Release|x64.ActiveCfg = Release|x64
		{558702E3-AFA7-4045-9B73-868ED7A0AACA}.Release|x64.Build.0 = Release|x64
		{558702E3-AFA7-4045-9B73-868ED7A0AACA}.Release|x86.ActiveCfg = Release|Win32
		{558702E3-AFA7-4045-9B73-868ED7A0AACA}.Release|x86.Build.0 = Release|Win32
		{EE296283-7C24-443B-8C76-CE574FFE469E}.Debug|x64.ActiveCfg = Debug|x64
		{EE296283-7C24-443B-8C76-CE574FFE469E}.Debug|x64.Build.0 = Debug|x64
		{EE296283-7C24-443B-8C76-CE574FFE469E}.Debug|x86.ActiveCfg = Debug|Win32
		{EE296283-7C24-443B-8C76-CE574FFE469E}.Debug|x86.Build.0 = Debug|Win32
		{EE296283-7C24-443B-8C76-CE574FFE469E}.Release|x64.ActiveCfg = Release|x64
		{EE296283-7C24-443B-8C76-CE574FFE469E}.Release|x64.Build.0 = Release|x64
		{EE296283-7C24-443B-8C76-CE574FFE469E}.Release|x86.ActiveCfg = Release|Win32
		{EE296283-7C24-443B-8C76-CE574FFE469E}.Release|x86.Build.0 = Release|Win32
		{43533BB9-BE25-4BFA-BA8C-EB7D5306FB7B}.Debug|x64.ActiveCfg = Debug|x64
		{43533BB9-BE25-4BFA-BA8C-EB7D5306FB7B}.Debug|x64.Build.0 = Debug|x64
		{43533BB9-BE25-4BFA-BA8C-EB7D5306FB7B}.Debug|x86.ActiveCfg = Debug|Win32
		{43533BB9-BE25-4BFA-BA8C-EB7D5306FB7B}.Debug|x86.Build.0 = Debug|Win32
		{43533BB9-BE25-4BFA-BA8C-EB7D5306FB7B}.Release|x64.ActiveCfg = Release|x64
		{43533BB9-BE25-4BFA-BA8C-EB7D5306FB7B}.Release|x64.Build.0 = Release|x64
		{43533BB9-BE25-4BFA-BA8C-EB7D5306FB7B}.Release|x86.ActiveCfg = Release|Win32
		{43533BB9-BE25-4BFA-BA8C-EB7D5306FB7B}.Release|x86.Build.0 = Release|Win32
		{E6C7CE10-9B96-49FD-8557-3EFC8AFF1A57}.Debug|x64.ActiveCfg = Debug|x64
		{E6C7CE10-9B96-49FD-8557-3EFC8AFF1A57}.Debug|x64.Build.0 = Debug|x64
		{E6C7CE10-9B96-49FD-8557-3EFC8AFF1A57}.Debug|x86.ActiveCfg = Debug|Win32
		{E6C7CE10-9B96-49FD-8557-3EFC8AFF1A57}.Debug|x86.Build.0 = Debug|Win32
		{E6C7CE10-9B96-49FD-8557-3EFC8AFF1A57}.Release|x64.ActiveCfg = Release|x64
		{E6C7CE10-9B96-49FD-8557-3EFC8AFF1A57}.Release|x64.Build.0 = Release|x64
		{E6C7CE10-9B96-49FD-8557-3EFC8AFF1A57}.Release|x86.ActiveCfg = Release|Win32
		{E6C7CE10-9B96-49FD-8557-3EFC8AFF1A57}.Release|x86.Build.0 = Release|Win32
		{04FAA7F1-0CBC-4D11-BF52-7A232925E0EF}.Debug|x64.ActiveCfg = Debug|x64
		{04FAA7F1-0CBC-4D11-BF52-7A232925E0EF}.Debug|x64.Build.0 = Debug|x64
		{04FAA7F1-0CBC-4D11-BF52-7A232925E0EF}.Debug|x86.ActiveCfg = Debug|Win32
		{04FAA7F1-0CBC-4D11-BF52-7A232925E0EF}.Debug|x86.Build.0 = Debug|Win32
		{04FAA7F1-0CBC-4D11-BF52-7A232925E0EF}.Release|x64.ActiveCfg = Release|x64
		{04FAA7F1-0CBC-4D11-BF52-7A232925E0EF}.Release|x64.Build.0 = Release|x64
		{04FAA7F1-0CBC-4D11-BF52-7A232925E0EF}.Release|x86.ActiveCfg = Release|Win32
		{04FAA7F1-0CBC-4D11-BF52-7A232925E0EF}.Release|x86.Build.0 = Release|Win32
		{C41C8EF8-99F2-4543-9D93-4A18243D121B}.Debug|x64.ActiveCfg = Debug|x64
		{C41C8EF8-99F2-4543-9D93-4A18243D121B}.Debug|x64.Build.0 = Debug|x64
		{C41C8EF8-99F2-4543-9D93-4A18243D121B}.Debug|x86.ActiveCfg = Debug|Win32
		{C41C8EF8-99F2-4543-9D93-4A18243D121B}.Debug|x86.Build.0 = Debug|Win32
		{C41C8EF8-99F2-4543-9D93-4A18243D121B}.Release|x64.ActiveCfg = Release|x64
		{C41C8EF8-99F2-4543-9D93-4A18243D121B}.Release|x64.Build.0 = Release|x64
		{C41C8EF8-99F2-4543-9D93-4A18243D121B}.Release|x86.ActiveCfg = Release|Win32
		{C41C8EF8-99F2-4543-9D93-4A18243D121B}.Release|x86.Build.0 = Release|Win32
		{BE578BF7-4B06-4D79-B1BF-ED0C8F938150}.Debug|x64.ActiveCfg = Debug|x64
		{BE578BF7-4B06-4D79-B1BF-ED0C8F938150}.Debug|x64.Build.0 = Debug|x64
		{BE578BF7-4B06-4D79-B1BF-ED0C8F938150}.Debug|x86.ActiveCfg = Debug|Win32
		{BE578BF7-4B06-4D79-B1BF-ED0C8F938150}.Debug|x86.Build.0 = Debug|Win32
		{BE578BF7-4B06-4D79-B1BF-ED0C8F938150}.Release|x64.ActiveCfg = Release|x64
		{BE578BF7-4B06-4D79-B1BF-ED0C8F938150}.Release|x64.Build.0 = Release|x64
		{BE578BF7-4B06-4D79-B1BF-ED0C8F938150}.Release|x86.ActiveCfg = Release|Win32
		{BE578BF7-4B06-4D79-B1BF-ED0C8F938150}.Release|x86.Build.0 = Release|Win32
		{9B3F86D9-06BC-4844-83CE-361982275384}.Debug|x64.ActiveCfg = Debug|x64
		{9B3F86D9-06BC-4844-83CE-361982275384}.Debug|x64.Build.0 = Debug|x64
		{9B3F86D9-06BC-4844-83CE-361982275384}.Debug|x86.ActiveCfg = Debug|Win32
		{9B3F86D9-06BC-4844-83CE-361982275384}.Debug|x86.Build.0 = Debug|Win32
		{9B3F86D9-06BC-4844-83CE-361982275384}.Release|x64.ActiveCfg = Release|x64
		{9B3F86D9-06BC-4844-83CE-361982275384}.Release|x64.Build.0 = Release|x64
		{9B3F86D9-06BC-4844-83CE-361982275384}.Release|x86.ActiveCfg = Release|Win32
		{9B3F86D9-06BC-4844-83CE-361982275384}.Release|x86.Build.0 = Release|Win32
		{1FD52265-BA81-4B9E-A9D4-A2FA5E837004}.Debug|x64.ActiveCfg = Debug|x64
		{1FD52265-BA81-4B9E-A9D4-A2FA5E837004}.Debug|x64.Build.0 = Debug|x64
		{1FD52265-BA81-4B9E-A9D4-A2FA5E837004}.Debug|x86.ActiveCfg = Debug|Win32
		{1FD52265-BA81-4B9E-A9D4-A2FA5E837004}.Debug|x86.Build.0 = Debug|Win32
		{1FD52265-BA81-4B9E-A9D4-A2FA5E837004}.Release|x64.ActiveCfg = Release|x64
		{1FD52265-BA81-4B9E-A9D4-A2FA5E837004}.Release|x64.Build.0 = Release|x64
		{1FD52265-BA81-4B9E-A9D4-A2FA5E837004}.Release|x86.ActiveCfg = Release|Win32
		{1FD52265-BA81-4B9E-A9D4-A2FA5E837004}.Release|x86.Build.0 = Release|Win32
		{E3D2BD03-05CE-4956-B566-C017A459219A}.Debug|x64.ActiveCfg = Debug|x64
		{E3D2BD03-05CE-4956-B566-C017A459219A}.Debug|x64.Build.0 = Debug|x64
		{E3D2BD03-05CE-4956-B566-C017A459219A}.Debug|x86.ActiveCfg = Debug|Win32
		{E3D2BD03-05CE-4956-B566-C017A459219A}.Debug|x86.Build.0 = Debug|Win32
		{E3D2BD03-05CE-4956-B566-C017A459219A}.Release|x64.ActiveCfg = Release|x64
		{E3D2BD03-05CE-4956-B566-C017A459219A}.Release|x64.Build.0 = Release|x64
		{E3D2BD03-05CE-4956-B566-C017A459219A}.Release|x86.ActiveCfg = Release|Win32
		{E3D2BD03-05CE-4956-B566-C017A459219A}.Release|x86.Build.0 = Release|Win32
		{202A5747-EB5B-4907-B768-83F5AC6B8E7A}.Debug|x64.ActiveCfg = Debug|x64
		{202A5747-EB5B-4907-B768-83F5AC6B8E7A}.Debug|x64.Build.0 = Debug|x64
		{202A5747-EB5B-4907-B768-83F5AC6B8E7A}.Debug|x86.ActiveCfg = Debug|Win32
		{202A5747-EB5B-4907-B768-83F5AC6B8E7A}.Debug|x86.Build.0 = Debug|Win32
		{202A5747-EB5B-4907-B768-83F5AC6B8E7A}.Release|x64.ActiveCfg = Release|x64
		{202A5747-EB5B-4907-B768-83F5AC6B8E7A}.Release|x64.Build.0 = Release|x64
		{202A5747-EB5B-4907-B768-83F5AC6B8E7A}.Release|x86.ActiveCfg = Release|Win32
		{202A5747-EB5B-4907-B768-83F5AC6B8E7A}.Release|x86.Build.0 = Release|Win32
		{E0F593E3-DD72-4232-85E2-3A4E5A91E05B}.Debug|x64.ActiveCfg = Debug|x64
		{E0F593E3-DD72-4232-85E2-3A4E5A91E05B}.Debug|x64.Build.0 = Debug|x64
		{E0F593E3-DD72-4232-85E2-3A4E5A91E05B}.Debug|x86.ActiveCfg = Debug|Win32
		{E0F593E3-DD72-4232-85E2-3A4E5A91E05B}.Debug|x86.Build.0 = Debug|Win32
		{E0F593E3-DD72-4232-85E2-3A4E5A91E05B}.Release|x64.ActiveCfg = Release|x64
		{E0F593E3-DD72-4232-85E2-3A4E5A91E05B}.Release|x64.Build.0 = Release|x64
		{E0F593E3-DD72-4232-85E2-3A4E5A91E05B}.Release|x86.ActiveCfg = Release|Win32
		{E0F593E3-DD72-4232-85E2-3A4E5A91E05B}.Release|x86.Build.0 = Release|Win32
		{CB4EABF7-DB5F-4802-B80F-F11A70657B2D}.Debug|x64.ActiveCfg = Debug|x64
		{CB4EABF7-DB5F-4802-B80F-F11A70657B2D}.Debug|x64.Build.0 = Debug|x64
		{CB4EABF7-DB5F-4802-B80F-F11A70657B2D}.Debug|x86.ActiveCfg = Debug|Win32
		{CB4EABF7-DB5F-4802-B80F-F11A70657B2D}.Debug|x86.Build.0 = Debug|Win32
		{CB4EABF7-DB5F-4802-B80F-F11A70657B2D}.Release|x64.ActiveCfg = Release|x64
		{CB4EABF7-DB5F-4802-B80F-F11A70657B2D}.Release|x64.Build.0 = Release|x64
		{CB4EABF7-DB5F-4802-B80F-F11A70657B2D}.Release|x86.ActiveCfg = Release|Win32
		{CB4EABF7-DB5F-4802-B80F-F11A70657B2D}.Release|x86.Build.0 = Release|Win32
		{4AA27B4C-F59C-4758-89F4-9DE7FBFB71E9}.Debug|x64.ActiveCfg = Debug|x64
		{4AA27B4C-F59C-4758-89F4-9DE7FBFB71E9}.Debug|x64.Build.0 = Debug|x64
		{4AA27B4C-F59C-4758-89F4-9DE7FBFB71E9}.Debug|x86.ActiveCfg = Debug|Win32
		{4AA27B4C-F59C-4758-89F4-9DE7FBFB71E9}.Debug|x86.Build.0 = Debug|Win32
		{4AA27B4C-F59C-4758-89F4-9DE7FBFB71E9}.Release|x64.ActiveCfg = Release|x64
		{4AA27B4C-F59C-4758-89F4-9DE7FBFB71E9}.Release|x64.Build.0 = Release|x64
		{4AA27B4C-F59C-4758-89F4-9DE7FBFB71E9}.Release|x86.ActiveCfg = Release|Win32
		{4AA27B4C-F59C-4758-89F4-9DE7FBFB71E9}.Release|x86.Build.0 = Release|Win32
		{8BEB3D44-EAC7-4461-A3F8-21DDFACA16F1}.Debug|x64.ActiveCfg = Debug|x64
		{8BEB3D44-EAC7-4461-A3F8-21DDFACA16F1}.Debug|x64.Build.0 = Debug|x64
		{8BEB3D44-EAC7-4461-A3F8-21DDFACA16F1}.Debug|x86.ActiveCfg = Debug|Win32
		{8BEB3D44-EAC7-4461-A3F8-21DDFACA16F1}.Debug|x86.Build.0 = Debug|Win32
		{8BEB3D44-EAC7-4461-A3F8-21DDFACA16F1}.Release|x64.ActiveCfg = Release|x64
		{8BEB3D44-EAC7-4461-A3F8-21DDFACA16F1}.Release|x64.Build.0 = Release|x64
		{8BEB3D44-EAC7-4461-A3F8-21DDFACA16F1}.Release|x86.ActiveCfg = Release|Win32
		{8BEB3D44-EAC7-4461-A3F8-21DDFACA16F1}.Release|x86.Build.0 = Release|Win32
		{061ED5F3-8904-49A4-8517-F85F829E6CEE}.Debug|x64.ActiveCfg = Debug|x64
		{061ED5F3-8904-49A4-8517-F85F829E6CEE}.Debug|x64.Build.0 = Debug|x64
		{061ED5F3-8904-49A4-8517-F85F829E6CEE}.Debug|x86.ActiveCfg = Debug|Win32
		{061ED5F3-8904-49A4-8517-F85F829E6CEE}.Debug|x86.Build.0 = Debug|Win32
		{061ED5F3-8904-49A4-8517-F85F829E6CEE}.Release|x64.ActiveCfg = Release|x64
		{061ED5F3-8904-49A4-8517-F85F829E6CEE}.Release|x64.Build.0 = Release|x64
		{061ED5F3-8904-49A4-8517-F85F829E6CEE}.Release|x86.ActiveCfg = Release|Win32
		{061ED5F3-8904-49A4-8517-F85F829E6CEE}.Release|x86.Build.0 = Release|Win32
		{B68EE88D-379F-42B2-9103-910F4A308E4D}.Debug|x64.ActiveCfg = Debug|x64
		{B68EE88D-379F-42B2-9103-910F4A308E4D}.Debug|x64.Build.0 = Debug|x64
		{B68EE88D-379F-42B2-9103-910F4A308E4D}.Debug|x86.ActiveCfg = Debug|Win32
		{B68EE88D-379F-42B2-9103-910F4A308E4D}.Debug|x86.Build.0 = Debug|Win32
		{B68EE88D-379F-42B2-9103-910F4A308E4D}.Release|x64.ActiveCfg = Release|x64
		{B68EE88D-379F-42B2-9103-910F4A308E4D}.Release|x64.Build.0 = Release|x64
		{B68EE88D-379F-42B2-9103-910F4A308E4D}.Release|x86.ActiveCfg = Release|Win32
		{B68EE88D-379F-42B2-9103-910F4A308E4D}.Release|x86.Build.0 = Release|Win32
		{C3655F75-9575-44C6-9B12-C5AFEAD1F207}.Debug|x64.ActiveCfg = Debug|x64
		{C3655F75-9575-44C6-9B12-C5AFEAD1F207}.Debug|x64.Build.0 = Debug|x64
		{C3655F75-9575-44C6-9B12-C5AFEAD1F207}.Debug|x86.ActiveCfg = Debug|Win32
		{C3655F75-9575-44C6-9B12-C5AFEAD1F207}.Debug|x86.Build.0 = Debug|Win32
		{C3655F75-9575-44C6-9B12-C5AFEAD1F207}.Release|x64.ActiveCfg = Release|x64
		{C3655F75-9575-44C6-9B12-C5AFEAD1F207}.Release|x64.Build.0 = Release|x64
		{C3655F75-9575-44C6-9B12-C5AFEAD1F207}.Release|x86.ActiveCfg = Release|Win32
		{C3655F75-9575-44C6-9B12-C5AFEAD1F207}.Release|x86.Build.0 = Release|Win32
		{ACF63036-AB8E-47B9-B417-A5656D845FEA}.Debug|x64.ActiveCfg = Debug|x64
		{ACF63036-AB8E-47B9-B417-A5656D845FEA}.Debug|x64.Build.0 = Debug|x64
		{ACF63036-AB8E-47B9-B417-A5656D845FEA}.Debug|x86.ActiveCfg = Debug|Win32
		{ACF63036-AB8E-47B9-B417-A5656D845FEA}.Debug|x86.Build.0 = Debug|Win32
		{ACF63036-AB8E-47B9-B417-A5656D845FEA}.Release|x64.ActiveCfg = Release|x64
		{ACF63036-AB8E-47B9-B417-A5656D845FEA}.Release|x64.Build.0 = Release|x64
		{ACF63036-AB8E-47B9-B417-A5656D845FEA}.Release|x86.ActiveCfg = Release|Win32
		{ACF63036-AB8E-47B9-B417-A5656D845FEA}.Release|x86.Build.0 = Release|Win32
		{2312F16D-4688-440F-B342-ED530832AF59}.Debug|x64.ActiveCfg = Debug|x64
		{2312F16D-4688-440F-B342-ED530832AF59}.Debug|x64.Build.0 = Debug|x64
		{2312F16D-4688-440F-B342-ED530832AF59}.Debug|x86.ActiveCfg = Debug|Win32
		{2312F16D-4688-440F-B342-ED530832AF59}.Debug|x86.Build.0 = Debug|Win32
		{2312F16D-4688-440F-B342-ED530832AF59}.Release|x64.ActiveCfg = Release|x64
		{2312F16D-4688-440F-B342-ED530832AF59}.Release|x64.Build.0 = Release|x64
		{2312F16D-4688-440F-B342-ED530832AF59}.Release|x86.ActiveCfg = Release|Win32
		{2312F16D-4688-440F-B342-ED530832AF59}.Release|x86.Build.0 = Release|Win32
		{F9748BEF-5D6E-4EA4-974A-CE7D9DA139E7}.Debug|x64.ActiveCfg = Debug|x64
		{F9748BEF-5D6E-4EA4-974A-CE7D9DA139E7}.Debug|x64.Build.0 = Debug|x64
		{F9748BEF-5D6E-4EA4-974A-CE7D9DA139E7}.Debug|x86.ActiveCfg = Debug|Win32
		{F9748BEF-5D6E-4EA4-974A-CE7D9DA139E7}.Debug|x86.Build.0 = Debug|Win32
		{F9748BEF-5D6E-4EA4-974A-CE7D9DA139E7}.Release|x64.ActiveCfg = Release|x64
		{F9748BEF-5D6E-4EA4-974A-CE7D9DA139E7}.Release|x64.Build.0 = Release|x64
		{F9748BEF-5D6E-4EA4-974A-CE7D9DA139E7}.Release|x86.ActiveCfg = Release|Win32
		{F9748BEF-5D6E-4EA4-974A-CE7D9DA139E7}.Release|x86.Build.0 = Release|Win32
		{BF3F52B0-9DB3-4179-8B14-795326697571}.Debug|x64.ActiveCfg = Debug|x64
		{BF3F52B0-9DB3-4179-8B14-795326697571}.Debug|x64.Build.0 = Debug|x64
		{BF3F52B0-9DB3-4179-8B14-795326697571}.Debug|x86.ActiveCfg = Debug|Win32
		{BF3F52B0-9DB3-4179-8B14-795326697571}.Debug|x86.Build.0 = Debug|Win32
		{BF3F52B0-9DB3-4179-8B14-795326697571}.Release|x64.ActiveCfg = Release|x64
		{BF3F52B0-9DB3-4179-8B14-795326697571}.Release|x64.Build.0 = Release|x64
		{BF3F52B0-9DB3-4179-8B14-795326697571}.Release|x86.ActiveCfg = Release|Win32
		{BF3F52B0-9DB3-4179-8B14-795326697571}.Release|x86.Build.0 = Release|Win32
		{12EAD39F-9912-4561-A2DE-F8DDC5FEE895}.Debug|x64.ActiveCfg = Debug|x64
		{12EAD39F-9912-4561-A2DE-F8DDC5FEE895}.Debug|x64.Build.0 = Debug|x64
		{12EAD39F-9912-4561-A2DE-F8DDC5FEE895}.Debug|x86.ActiveCfg = Debug|Win32
		{12EAD39F-9912-4561-A2DE-F8DDC5FEE895}.Debug|x86.Build.0 = Debug|Win32
		{12EAD39F-9912-4561-A2DE-F8DDC5FEE895}.Release|x64.ActiveCfg = Release|x64
		{12EAD39F-9912-4561-A2DE-F8DDC5FEE895}.Release|x64.Build.0 = Release|x64
		{12EAD39F-9912-4561-A2DE-F8DDC5FEE895}.Release|x86.ActiveCfg = Release|Win32
		{12EAD39F-9912-4561-A2DE-F8DDC5FEE895}.Release|x86.Build.0 = Release|Win32
		{344A62DF-9C38-4666-8C08-3C7A7546B783}.Debug|x64.ActiveCfg = Debug|x64
		{344A62DF-9C38-4666-8C08-3C7A7546B783}.Debug|x64.Build.0 = Debug|x64
		{344A62DF-9C38-4666-8C08-3C7A7546B783}.Debug|x86.ActiveCfg = Debug|Win32
		{344A62DF-9C38-4666-8C08-3C7A7546B783}.Debug|x86.Build.0 = Debug|Win32
		{344A62DF-9C38-4666-8C08-3C7A7546B783}.Release|x64.ActiveCfg = Release|x64
		{344A62DF-9C38-4666-8C08-3C7A7546B783}.Release|x64.Build.0 = Release|x64
		{344A62DF-9C38-4666-8C08-3C7A7546B783}.Release|x86.ActiveCfg = Release|Win32
		{344A62DF-9C38-4666-8C08-3C7A7546B783}.Release|x86.Build.0 = Release|Win32
		{8D54F37A-58F7-4AEB-917A-8E5AB974AAD4}.Debug|x64.ActiveCfg = Debug|x64
		{8D54F37A-58F7-4AEB-917A-8E5AB974AAD4}.Debug|x64.Build.0 = Debug|x64
		{8D54F37A-58F7-4AEB-917A-8E5AB974AAD4}.Debug|x86.ActiveCfg = Debug|Win32
		{8D54F37A-58F7-4AEB-917A-8E5AB974AAD4}.Debug|x86.Build.0 = Debug|Win32
		{8D54F37A-58F7-4AEB-917A-8E5AB974AAD4}.Release|x64.ActiveCfg = Release|x64
		{8D54F37A-58F7-4AEB-917A-8E5AB974AAD4}.Release|x64.Build.0 = Release|x64
		{8D54F37A-58F7-4AEB-917A-8E5AB974AAD4}.Release|x86.ActiveCfg = Release|Win32
		{8D54F37A-58F7-4AEB-917A-8E5AB974AAD4}.Release|x86.Build.0 = Release|Win32
		{71E9D4E1-3697-43B8-A905-C62CF703A663}.Debug|x64.ActiveCfg = Debug|x64
		{71E9D4E1-3697-43B8-A905-C62CF703A663}.Debug|x64.Build.0 = Debug|x64
		{71E9D4E1-3697-43B8-A905-C62CF703A663}.Debug|x86.ActiveCfg = Debug|Win32
		{71E9D4E1-3697-43B8-A905-C62CF703A663}.Debug|x86.Build.0 = Debug|Win32
		{71E9D4E1-3697-43B8-A905-C62CF703A663}.Release|x64.ActiveCfg = Release|x64
		{71E9D4E1-3697-43B8-A905-C62CF703A663}.Release|x64.Build.0 = Release|x64
		{71E9D4E1-3697-43B8-A905-C62CF703A663}.Release|x86.ActiveCfg = Release|Win32
		{71E9D4E1-3697-43B8-A905-C62CF703A663}.Release|x86.Build.0 = Release|Win32
		{A0F5A121-D04E-469C-A8B8-B0546D4D70C2}.Debug|x64.ActiveCfg = Debug|x64
		{A0F5A121-D04E-469C-A8B8-B0546D4D70C2}.Debug|x64.Build.0 = Debug|x64
		{A0F5A121-D04E-469C-A8B8-B0546D4D70C2}.Debug|x86.ActiveCfg = Debug|Win32
		{A0F5A121-D04E-469C-A8B8-B0546D4D70C2}.Debug|x86.Build.0 = Debug|Win32
		{A0F5A121-D04E-469C-A8B8-B0546D4D70C2}.Release|x64.ActiveCfg = Release|x64
		{A0F5A121-D04E-469C-A8B8-B0546D4D70C2}.Release|x64.Build.0 = Release|x64
		{A0F5A121-D04E-469C-A8B8-B0546D4D70C2}.Release|x86.ActiveCfg = Release|Win32
		{A0F5A121-D04E-469C-A8B8-B0546D4D70C2}.Release|x86.Build.0 = Release|Win32
		{31142149-2532-4A7F-829F-50094FDAC036}.Debug|x64.ActiveCfg = Debug|x64
		{31142149-2532-4A7F-829F-50094FDAC036}.Debug|x64.Build.0 = Debug|x64
		{31142149-2532-4A7F-829F-50094FDAC036}.Debug|x86.ActiveCfg = Debug|Win32
		{31142149-2532-4A7F-829F-50094FDAC036}.Debug|x86.Build.0 = Debug|Win32
		{31142149-2532-4A7F-829F-50094FDAC036}.Release|x64.ActiveCfg = Release|x64
		{31142149-2532-4A7F-829F-50094FDAC036}.Release|x64.Build.0 = Release|x64
		{31142149-2532-4A7F-829F-50094FDAC036}.Release|x86.ActiveCfg = Release|Win32
		{31142149-2532-4A7F-829F-50094FDAC036}.Release|x86.Build.0 = Release|Win32
		{5E34411E-A8A5-46EA-83E7-E27C2F432B43}.Debug|x64.ActiveCfg = Debug|x64
		{5E34411E-A8A5-46EA-83E7-E27C2F432B43}.Debug|x64.Build.0 = Debug|x64
		{5E34411E-A8A5-46EA-83E7-E27C2F432B43}.Debug|x86.ActiveCfg = Debug|Win32
		{5E34411E-A8A5-46EA-83E7-E27C2F432B43}.Debug|x86.Build.0 = Debug|Win32
		{5E34411E-A8A5-46EA-83E7-E27C2F432B43}.Release|x64.ActiveCfg = Release|x64
		{5E34411E-A8A5-46EA-83E7-E27C2F432B43}.Release|x64.Build.0 = Release|x64
		{5E34411E-A8A5-46EA-83E7-E27C2F432B43}.Release|x86.ActiveCfg = Release|Win32
		{5E34411E-A8A5-46EA-83E7-E27C2F432B43}.Release|x86.Build.0 = Release|Win32
		{59C476C7-BE6E-49D7-96A1-DCD38D96F84B}.Debug|x64.ActiveCfg = Debug|x64
		{59C476C7-BE6E-49D7-96A1-DCD38D96F84B}.Debug|x64.Build.0 = Debug|x64
		{59C476C7-BE6E-49D7-96A1-DCD38D96F84B}.Debug|x86.ActiveCfg = Debug|Win32
		{59C476C7-BE6E-49D7-96A1-DCD38D96F84B}.Debug|x86.Build.0 = Debug|Win32
		{59C476C7-BE6E-49D7-96A1-DCD38D96F84B}.Release|x64.ActiveCfg = Release|x64
		{59C476C7-BE6E-49D7-96A1-DCD38D96F84B}.Release|x64.Build.0 = Release|x64
		{59C476C7-BE6E-49D7-96A1-DCD38D96F84B}.Release|x86.ActiveCfg = Release|Win32
		{59C476C7-BE6E-49D7-96A1-DCD38D96F84B}.Release|x86.Build.0 = Release|Win32
		{BEED0C84-ED57-422F-A483-3CF85D4299C6}.Debug|x64.ActiveCfg = Debug|x64
		{BEED0C84-ED57-422F-A483-3CF85D4299C6}.Debug|x64.Build.0 = Debug|x64
		{BEED0C84-ED57-422F-A483-3CF85D4299C6}.Debug|x86.ActiveCfg = Debug|Win32
		{BEED0C84-ED57-422F-A483-3CF85D4299C6}.Debug|x86.Build.0 = Debug|Win32
		{BEED0C84-ED57-422F-A483-3CF85D4299C6}.Release|x64.ActiveCfg = Release|x64
		{BEED0C84-ED57-422F-A483-3CF85D4299C6}.Release|x64.Build.0 = Release|x64
		{BEED0C84-ED57-422F-A483-3CF85D4299C6}.Release|x86.ActiveCfg = Release|Win32
		{BEED0C84-ED57-422F-A483-3CF85D4299C6}.Release|x86.Build.0 = Release|Win32
		{12B2C41A-A572-4310-A62A-331357D6E81D}.Debug|x64.ActiveCfg = Debug|x64
		{12B2C41A-A572-4310-A62A-331357D6E81D}.Debug|x64.Build.0 = Debug|x64
		{12B2C41A-A572-4310-A62A-331357D6E81D}.Debug|x86.ActiveCfg = Debug|Win32
		{12B2C41A-A572-4310-A62A-331357D6E81D}.Debug|x86.Build.0 = Debug|Win32
		{12B2C41A-A572-4310-A62A-331357D6E81D}.Release|x64.ActiveCfg = Release|x64
		{12B2C41A-A572-4310-A62A-331357D6E81D}.Release|x64.Build.0 = Release|x64
		{12B2C41A-A572-4310-A62A-331357D6E81D}.Release|x86.ActiveCfg = Release|Win32
		{12B2C41A-A572-4310-A62A-331357D6E81D}.Release|x86.Build.0 = Release|Win32
		{3126D060-FE31-4FD3-9F5C-45C44F8F8582}.Debug|x64.ActiveCfg = Debug|x64
		{3126D060-FE31-4FD3-9F5C-45C44F8F8582}.Debug|x64.Build.0 = Debug|x64
		{3126D060-FE31-4FD3-9F5C-45C44F8F8582}.Debug|x86.ActiveCfg = Debug|Win32
		{3126D060-FE31-4FD3-9F5C-45C44F8F8582}.Debug|x86.Build.0 = Debug|Win32
		{3126D060-FE31-4FD3-9F5C-45C44F8F8582}.Release|x64.ActiveCfg = Release|x64
		{3126D060-FE31-4FD3-9F5C-45C44F8F8582}.Release|x64.Build.0 = Release|x64
		{3126D060-FE31-4FD3-9F5C-45C44F8F8582}.Release|x86.ActiveCfg = Release|Win32
		{3126D060-FE31-4FD3-9F5C-45C44F8F8582}.Release|x86.Build.0 = Release|Win32
		{D14CD4C2-86EF-40DD-8436-8C5204521E41}.Debug|x64.ActiveCfg = Debug|x64
		{D14CD4C2-86EF-40DD-8436-8C5204521E41}.Debug|x64.Build.0 = Debug|x64
		{D14CD4C2-86EF-40DD-8436-8C5204521E41}.Debug|x86.ActiveCfg = Debug|Win32
		{D14CD4C2-86EF-40DD-8436-8C5204521E41}.Debug|x86.Build.0 = Debug|Win32
		{D14CD4C2-86EF-40DD-8436-8C5204521E41}.Release|x64.ActiveCfg = Release|x64
		{D14CD4C2-86EF-40DD-8436-8C5204521E41}.Release|x64.Build.0 = Release|x64
		{D14CD4C2-86EF-40DD-8436-8C5204521E41}.Release|x86.ActiveCfg = Release|Win32
		{D14CD4C2-86EF-40DD-8436-8C5204521E41}.Release|x86.Build.0 = Release|Win32
		{54868374-DBE7-4364-9FED-6DCB42A60563}.Debug|x64.ActiveCfg = Debug|x64
		{54868374-DBE7-4364-9FED-6DCB42A60563}.Debug|x64.Build.0 = Debug|x64
		{54868374-DBE7-4364-9FED-6DCB42A60563}.Debug|x86.ActiveCfg = Debug|Win32
		{54868374-DBE7-4364-9FED-6DCB42A60563}.Debug|x86.Build.0 = Debug|Win32
		{54868374-DBE7-4364-9FED-6DCB42A60563}.Release|x64.ActiveCfg = Release|x64
		{54868374-DBE7-4364-9FED-6DCB42A60563}.Release|x64.Build.0 = Release|x64
		{54868374-DBE7-4364-9FED-6DCB42A60563}.Release|x86.ActiveCfg = Release|Win32
		{54868374-DBE7-4364-9FED-6DCB42A60563}.Release|x86.Build.0 = Release|Win32
		{FA17D6C0-2AF8-4544-8DC1-CB642D90F827}.Debug|x64.ActiveCfg = Debug|x64
		{FA17D6C0-2AF8-4544-8DC1-CB642D90F827}.Debug|x64.Build.0 = Debug|x64
		{FA17D6C0-2AF8-4544-8DC1-CB642D90F827}.Debug|x86.ActiveCfg = Debug|Win32
		{FA17D6C0-2AF8-4544-8DC1-CB642D90F827}.Debug|x86.Build.0 = Debug|Win32
		{FA17D6C0-2AF8-4544-8DC1-CB642D90F827}.Release|x64.ActiveCfg = Release|x64
		{FA17D6C0-2AF8-4544-8DC1-CB642D90F827}.Release|x64.Build.0 = Release|x64
		{FA17D6C0-2AF8-4544-8DC1-CB642D90F827}.Release|x86.ActiveCfg = Release|Win32
		{FA17D6C0-2AF8-4544-8DC1-CB642D90F827}.Release|x86.Build.0 = Release|Win32
		{1F9EC4A8-3C91-4EAA-8A6D-5568174CE01A}.Debug|x64.ActiveCfg = Debug|x64
		{1F9EC4A8-3C91-4EAA-8A6D-5568174CE01A}.Debug|x64.Build.0 = Debug|x64
		{1F9EC4A8-3C91-4EAA-8A6D-5568174CE01A}.Debug|x86.ActiveCfg = Debug|Win32
		{1F9EC4A8-3C91-4EAA-8A6D-5568174CE01A}.Debug|x86.Build.0 = Debug|Win32
		{1F9EC4A8-3C91-4EAA-8A6D-5568174CE01A}.Release|x64.ActiveCfg = Release|x64
		{1F9EC4A8-3C91-4EAA-8A6D-5568174CE01A}.Release|x64.Build.0 = Release|x64
		{1F9EC4A8-3C91-4EAA-8A6D-5568174CE01A}.Release|x86.ActiveCfg = Release|Win32
		{1F9EC4A8-3C91-4EAA-8A6D-5568174CE01A}.Release|x86.Build.0 = Release|Win32
		{CC439742-B782-4F51-A590-77F2A035BC7D}.Debug|x64.ActiveCfg = Debug|x64
		{CC439742-B782-4F51-A590-77F2A035BC7D}.Debug|x64.Build.0 = Debug|x64
		{CC439742-B782-4F51-A590-77F2A035BC7D}.Debug|x86.ActiveCfg = Debug|Win32
		{CC439742-B782-4F51-A590-77F2A035BC7D}.Debug|x86.Build.0 = Debug|Win32
		{CC439742-B782-4F51-A590-77F2A035BC7D}.Release|x64.ActiveCfg = Release|x64
		{CC439742-B782-4F51-A590-77F2A035BC7D}.Release|x64.Build.0 = Release|x64
		{CC439742-B782-4F51-A590-77F2A035BC7D}.Release|x86.ActiveCfg = Release|Win32
		{CC439742-B782-4F51-A590-77F2A035BC7D}.Release|x86.Build.0 = Release|Win32
		{79C29E20-350A-48C1-B5EB-6487D4881E64}.Debug|x64.ActiveCfg = Debug|x64
		{79C29E20-350A-48C1-B5EB-6487D4881E64}.Debug|x64.Build.0 = Debug|x64
		{79C29E20-350A-48C1-B5EB-6487D4881E64}.Debug|x86.ActiveCfg = Debug|Win32
		{79C29E20-350A-48C1-B5EB-6487D4881E64}.Debug|x86.Build.0 = Debug|Win32
		{79C29E20-350A-48C1-B5EB-6487D4881E64}.Release|x64.ActiveCfg = Release|x64
		{79C29E20-350A-48C1-B5EB-6487D4881E64}.Release|x64.Build.0 = Release|x64
		{79C29E20-350A-48C1-B5EB-6487D4881E64}.Release|x86.ActiveCfg = Release|Win32
		{79C29E20-350A-48C1-B5EB-6487D4881E64}.Release|x86.Build.0 = Release|Win32
		{8662ED5B-B6E9-4F84-AC76-E05AA105FD1C}.Debug|x64.ActiveCfg = Debug|x64
		{8662ED5B-B6E9-4F84-AC76-E05AA105FD1C}.Debug|x64.Build.0 = Debug|x64
		{8662ED5B-B6E9-4F84-AC76-E05AA105FD1C}.Debug|x86.ActiveCfg = Debug|Win32
		{8662ED5B-B6E9-4F84-AC76-E05AA105FD1C}.Debug|x86.Build.0 = Debug|Win32
		{8662ED5B-B6E9-4F84-AC76-E05AA105FD1C}.Release|x64.ActiveCfg = Release|x64
		{8662ED5B-B6E9-4F84-AC76-E05AA105FD1C}.Release|x64.Build.0 = Release|x64
		{8662ED5B-B6E9-4F84-AC76-E05AA105FD1C}.Release|x86.ActiveCfg = Release|Win32
		{8662ED5B-B6E9-4F84-AC76-E05AA105FD1C}.Release|x86.Build.0 = Release|Win32
		{A3A454D7-0082-4C44-9918-1EF413527BE3}.Debug|x64.ActiveCfg = Debug|x64
		{A3A454D7-0082-4C44-9918-1EF413527BE3}.Debug|x64.Build.0 = Debug|x64
		{A3A454D7-0082-4C44-9918-1EF413527BE3}.Debug|x86.ActiveCfg = Debug|Win32
		{A3A454D7-0082-4C44-9918-1EF413527BE3}.Debug|x86.Build.0 = Debug|Win32
		{A3A454D7-0082-4C44-9918-1EF413527BE3}.Release|x64.ActiveCfg = Release|x64
		{A3A454D7-0082-4C44-9918-1EF413527BE3}.Release|x64.Build.0 = Release|x64
		{A3A454D7-0082-4C44-9918-1EF413527BE3}.Release|x86.ActiveCfg = Release|Win32
		{A3A454D7-0082-4C44-9918-1EF413527BE3}.Release|x86.Build.0 = Release|Win32
		{C21B9CAC-B1BE-4FB9-B8E2-17A5786595AB}.Debug|x64.ActiveCfg = Debug|x64
		{C21B9CAC-B1BE-4FB9-B8E2-17A5786595AB}.Debug|x64.Build.0 = Debug|x64
		{C21B9CAC-B1BE-4FB9-B8E2-17A5786595AB}.Debug|x86.ActiveCfg = Debug|Win32
		{C21B9CAC-B1BE-4FB9-B8E2-17A5786595AB}.Debug|x86.Build.0 = Debug|Win32
		{C21B9CAC-B1BE-4FB9-B8E2-17A5786595AB}.Release|x64.ActiveCfg = Release|x64
		{C21B9CAC-B1BE-4FB9-B8E2-17A5786595AB}.Release|x64.Build.0 = Release|x64
		{C21B9CAC-B1BE-4FB9-B8E2-17A5786595AB}.Release|x86.ActiveCfg = Release|Win32
		{C21B9CAC-B1BE-4FB9-B8E2-17A5786595AB}.Release|x86.Build.0 = Release|Win32
		{99770F47-9191-4D18-948A-30BBF459305C}.Debug|x64.ActiveCfg = Debug|x64
		{99770F47-9191-4D18-948A-30BBF459305C}.Debug|x64.Build.0 = Debug|x64
		{99770F47-9191-4D18-948A-30BBF459305C}.Debug|x86.ActiveCfg = Debug|Win32
		{99770F47-9191-4D18-948A-30BBF459305C}.Debug|x86.Build.0 = Debug|Win32
		{99770F47-9191-4D18-948A-30BBF459305C}.Release|x64.ActiveCfg = Release|x64
		{99770F47-9191-4D18-948A-30BBF459305C}.Release|x64.Build.0 = Release|x64
		{99770F47-9191-4D18-948A-30BBF459305C}.Release|x86.ActiveCfg = Release|Win32
		{99770F47-9191-4D18-948A-30BBF459305C}.Release|x86.Build.0 = Release|Win32
		{CE06CD1D-FA04-42A7-872A-2965ADA571A0}.Debug|x64.ActiveCfg = Debug|x64
		{CE06CD1D-FA04-42A7-872A-2965ADA571A0}.Debug|x64.Build.0 = Debug|x64
		{CE06CD1D-FA04-42A7-872A-2965ADA571A0}.Debug|x86.ActiveCfg = Debug|Win32
		{CE06CD1D-FA04-42A7-872A-2965ADA571A0}.Debug|x86.Build.0 = Debug|Win32
		{CE06CD1D-FA04-42A7-872A-2965ADA571A0}.Release|x64.ActiveCfg = Release|x64
		{CE06CD1D-FA04-42A7-872A-2965ADA571A0}.Release|x64.Build.0 = Release|x64
		{CE06CD1D-FA04-42A7-872A-2965ADA571A0}.Release|x86.ActiveCfg = Release|Win32
		{CE06CD1D-FA04-42A7-872A-2965ADA571A0}.Release|x86.Build.0 = Release|Win32
	EndGlobalSection
	GlobalSection(SolutionProperties) = preSolution
		HideSolutionNode = FALSE
	EndGlobalSection
	GlobalSection(NestedProjects) = preSolution
		{C6F770C1-B30B-410C-B3F7-20CE37F2A436} = {849C3C7B-A689-41F3-81DD-4C0F155BC481}
		{83CB1104-B7C7-4693-9C7D-8C10F4B34719} = {849C3C7B-A689-41F3-81DD-4C0F155BC481}
		{75E3F424-E9B9-4F8A-B7DC-66AD156DF123} = {849C3C7B-A689-41F3-81DD-4C0F155BC481}
		{462CE8F9-F69F-4340-AA60-252ED0368732} = {849C3C7B-A689-41F3-81DD-4C0F155BC481}
		{6C075908-3D6C-4A26-8385-8686F0685835} = {849C3C7B-A689-41F3-81DD-4C0F155BC481}
		{DFE63281-86EE-4E43-BB3A-B044DC567B06} = {849C3C7B-A689-41F3-81DD-4C0F155BC481}
		{2EDAAD8A-6792-4243-977D-2158CBD12C34} = {E645B324-F099-4F85-9F97-DF306417B1D6}
		{6AB66A73-9507-4A9F-83AC-D4653F3B2AE9} = {A104675D-A978-4CB3-85B1-1212F64014FF}
		{DCFDC9FA-E7DA-4CDC-9B57-257A945B68A6} = {A104675D-A978-4CB3-85B1-1212F64014FF}
		{75B4F5C2-4737-4FE1-ADD5-D3D926B81BC9} = {A104675D-A978-4CB3-85B1-1212F64014FF}
		{558702E3-AFA7-4045-9B73-868ED7A0AACA} = {7D44D388-6077-46C3-A129-C8FADF4EA812}
		{EE296283-7C24-443B-8C76-CE574FFE469E} = {849C3C7B-A689-41F3-81DD-4C0F155BC481}
		{43533BB9-BE25-4BFA-BA8C-EB7D5306FB7B} = {8AF84B11-F8C8-4365-853D-DB6C9660ED86}
		{E6C7CE10-9B96-49FD-8557-3EFC8AFF1A57} = {A104675D-A978-4CB3-85B1-1212F64014FF}
		{04FAA7F1-0CBC-4D11-BF52-7A232925E0EF} = {E645B324-F099-4F85-9F97-DF306417B1D6}
		{C41C8EF8-99F2-4543-9D93-4A18243D121B} = {E645B324-F099-4F85-9F97-DF306417B1D6}
		{BE578BF7-4B06-4D79-B1BF-ED0C8F938150} = {7D44D388-6077-46C3-A129-C8FADF4EA812}
		{9B3F86D9-06BC-4844-83CE-361982275384} = {7D44D388-6077-46C3-A129-C8FADF4EA812}
		{1FD52265-BA81-4B9E-A9D4-A2FA5E837004} = {8AF84B11-F8C8-4365-853D-DB6C9660ED86}
		{E3D2BD03-05CE-4956-B566-C017A459219A} = {849C3C7B-A689-41F3-81DD-4C0F155BC481}
		{202A5747-EB5B-4907-B768-83F5AC6B8E7A} = {E4090D76-82CE-402A-9F3B-C5B2B29B703F}
		{E0F593E3-DD72-4232-85E2-3A4E5A91E05B} = {5317B73F-A7F3-46B3-AF16-3477C598657C}
		{CB4EABF7-DB5F-4802-B80F-F11A70657B2D} = {5317B73F-A7F3-46B3-AF16-3477C598657C}
		{4AA27B4C-F59C-4758-89F4-9DE7FBFB71E9} = {95F5EA06-C6D9-4D7D-B5C5-38239820AB50}
		{8BEB3D44-EAC7-4461-A3F8-21DDFACA16F1} = {95F5EA06-C6D9-4D7D-B5C5-38239820AB50}
		{061ED5F3-8904-49A4-8517-F85F829E6CEE} = {95F5EA06-C6D9-4D7D-B5C5-38239820AB50}
		{B68EE88D-379F-42B2-9103-910F4A308E4D} = {AB3E0695-3F67-4D86-8A2A-6EB2181174B3}
		{C3655F75-9575-44C6-9B12-C5AFEAD1F207} = {C5A0120B-CDDD-40FE-BB07-DAB153281CAE}
		{ACF63036-AB8E-47B9-B417-A5656D845FEA} = {95F5EA06-C6D9-4D7D-B5C5-38239820AB50}
		{2312F16D-4688-440F-B342-ED530832AF59} = {AB3E0695-3F67-4D86-8A2A-6EB2181174B3}
		{F9748BEF-5D6E-4EA4-974A-CE7D9DA139E7} = {CAFEDE64-B708-48D2-9EC5-BC3198E53946}
		{BF3F52B0-9DB3-4179-8B14-795326697571} = {AD78E37F-FCFF-4827-ACE6-E8ED3888AFFD}
		{12EAD39F-9912-4561-A2DE-F8DDC5FEE895} = {E8769AD8-ECD5-422A-B365-31F366086830}
		{344A62DF-9C38-4666-8C08-3C7A7546B783} = {E4090D76-82CE-402A-9F3B-C5B2B29B703F}
		{8D54F37A-58F7-4AEB-917A-8E5AB974AAD4} = {7D44D388-6077-46C3-A129-C8FADF4EA812}
		{71E9D4E1-3697-43B8-A905-C62CF703A663} = {8E5A156B-EB6A-43AA-AB7B-2166AC9E0053}
		{A0F5A121-D04E-469C-A8B8-B0546D4D70C2} = {49BDB30C-96A2-4B26-B8D8-FBF526864184}
		{31142149-2532-4A7F-829F-50094FDAC036} = {76102AD6-A3AC-4313-AFB9-95E37BB5239E}
		{5E34411E-A8A5-46EA-83E7-E27C2F432B43} = {7BF3F7B4-39B1-4A67-BC45-959EAC75B6CF}
		{59C476C7-BE6E-49D7-96A1-DCD38D96F84B} = {7BF3F7B4-39B1-4A67-BC45-959EAC75B6CF}
		{BEED0C84-ED57-422F-A483-3CF85D4299C6} = {C5A0120B-CDDD-40FE-BB07-DAB153281CAE}
		{12B2C41A-A572-4310-A62A-331357D6E81D} = {55DF9C94-FD37-44A0-81AE-1000BCF0A6E3}
		{3126D060-FE31-4FD3-9F5C-45C44F8F8582} = {377C2E6B-D13F-4BBC-A6EE-C5DE695B8A30}
		{D14CD4C2-86EF-40DD-8436-8C5204521E41} = {1F653DB4-4ED9-4360-9DE9-CAD9FEF18DE9}
		{54868374-DBE7-4364-9FED-6DCB42A60563} = {E19FA791-50C0-4845-A00E-EADB37039BD6}
		{FA17D6C0-2AF8-4544-8DC1-CB642D90F827} = {0A074855-4288-42AE-BA3B-A1864C64DB5C}
		{1F9EC4A8-3C91-4EAA-8A6D-5568174CE01A} = {F0090C7E-58B5-498A-8E03-3C29B8E4466F}
		{CC439742-B782-4F51-A590-77F2A035BC7D} = {A85DD0C9-E020-4288-B0E5-3459762E6E74}
		{79C29E20-350A-48C1-B5EB-6487D4881E64} = {B9B696D3-3B5A-488E-BDDA-2BC2CDC7F118}
		{8662ED5B-B6E9-4F84-AC76-E05AA105FD1C} = {1B849CF8-F217-42AB-AF11-47E85A140B83}
		{A3A454D7-0082-4C44-9918-1EF413527BE3} = {B1F7062E-D595-4C97-8036-EE00276EF118}
		{C21B9CAC-B1BE-4FB9-B8E2-17A5786595AB} = {3615B8FE-FC95-48CC-BC8C-83B757329FBB}
		{99770F47-9191-4D18-948A-30BBF459305C} = {A85DD0C9-E020-4288-B0E5-3459762E6E74}
		{CE06CD1D-FA04-42A7-872A-2965ADA571A0} = {48A409BC-2024-445B-AFFE-3521FC255C33}
	EndGlobalSection
	GlobalSection(ExtensibilityGlobals) = postSolution
		SolutionGuid = {24C1D5B9-1904-4AA9-9000-BF16CEEA797B}
	EndGlobalSection
EndGlobal
