
Microsoft Visual Studio Solution File, Format Version 12.00
# Visual Studio Version 17
VisualStudioVersion = 17.6.33815.320
MinimumVisualStudioVersion = 10.0.40219.1
Project("{2150E333-8FDC-42A3-9474-1A3956D46DE8}") = "1-10", "1-10", "{849C3C7B-A689-41F3-81DD-4C0F155BC481}"
EndProject
Project("{8BC9CEB8-8B4A-11D0-8D11-00A0C91BC942}") = "twosum", "1-10\twosum\twosum.vcxproj", "{C6F770C1-B30B-410C-B3F7-20CE37F2A436}"
EndProject
Project("{8BC9CEB8-8B4A-11D0-8D11-00A0C91BC942}") = "addtwonum", "1-10\addtwonum\addtwonum.vcxproj", "{83CB1104-B7C7-4693-9C7D-8C10F4B34719}"
EndProject
Project("{8BC9CEB8-8B4A-11D0-8D11-00A0C91BC942}") = "longestsubstring", "1-10\longestsubstring\longestsubstring.vcxproj", "{75E3F424-E9B9-4F8A-B7DC-66AD156DF123}"
EndProject
Project("{8BC9CEB8-8B4A-11D0-8D11-00A0C91BC942}") = "medianof2sortedarrays", "1-10\medianof2sortedarrays\medianof2sortedarrays.vcxproj", "{462CE8F9-F69F-4340-AA60-252ED0368732}"
EndProject
Global
	GlobalSection(SolutionConfigurationPlatforms) = preSolution
		Debug|x64 = Debug|x64
		Debug|x86 = Debug|x86
		Release|x64 = Release|x64
		Release|x86 = Release|x86
	EndGlobalSection
	GlobalSection(ProjectConfigurationPlatforms) = postSolution
		{C6F770C1-B30B-410C-B3F7-20CE37F2A436}.Debug|x64.ActiveCfg = Debug|x64
		{C6F770C1-B30B-410C-B3F7-20CE37F2A436}.Debug|x64.Build.0 = Debug|x64
		{C6F770C1-B30B-410C-B3F7-20CE37F2A436}.Debug|x86.ActiveCfg = Debug|Win32
		{C6F770C1-B30B-410C-B3F7-20CE37F2A436}.Debug|x86.Build.0 = Debug|Win32
		{C6F770C1-B30B-410C-B3F7-20CE37F2A436}.Release|x64.ActiveCfg = Release|x64
		{C6F770C1-B30B-410C-B3F7-20CE37F2A436}.Release|x64.Build.0 = Release|x64
		{C6F770C1-B30B-410C-B3F7-20CE37F2A436}.Release|x86.ActiveCfg = Release|Win32
		{C6F770C1-B30B-410C-B3F7-20CE37F2A436}.Release|x86.Build.0 = Release|Win32
		{83CB1104-B7C7-4693-9C7D-8C10F4B34719}.Debug|x64.ActiveCfg = Debug|x64
		{83CB1104-B7C7-4693-9C7D-8C10F4B34719}.Debug|x64.Build.0 = Debug|x64
		{83CB1104-B7C7-4693-9C7D-8C10F4B34719}.Debug|x86.ActiveCfg = Debug|Win32
		{83CB1104-B7C7-4693-9C7D-8C10F4B34719}.Debug|x86.Build.0 = Debug|Win32
		{83CB1104-B7C7-4693-9C7D-8C10F4B34719}.Release|x64.ActiveCfg = Release|x64
		{83CB1104-B7C7-4693-9C7D-8C10F4B34719}.Release|x64.Build.0 = Release|x64
		{83CB1104-B7C7-4693-9C7D-8C10F4B34719}.Release|x86.ActiveCfg = Release|Win32
		{83CB1104-B7C7-4693-9C7D-8C10F4B34719}.Release|x86.Build.0 = Release|Win32
		{75E3F424-E9B9-4F8A-B7DC-66AD156DF123}.Debug|x64.ActiveCfg = Debug|x64
		{75E3F424-E9B9-4F8A-B7DC-66AD156DF123}.Debug|x64.Build.0 = Debug|x64
		{75E3F424-E9B9-4F8A-B7DC-66AD156DF123}.Debug|x86.ActiveCfg = Debug|Win32
		{75E3F424-E9B9-4F8A-B7DC-66AD156DF123}.Debug|x86.Build.0 = Debug|Win32
		{75E3F424-E9B9-4F8A-B7DC-66AD156DF123}.Release|x64.ActiveCfg = Release|x64
		{75E3F424-E9B9-4F8A-B7DC-66AD156DF123}.Release|x64.Build.0 = Release|x64
		{75E3F424-E9B9-4F8A-B7DC-66AD156DF123}.Release|x86.ActiveCfg = Release|Win32
		{75E3F424-E9B9-4F8A-B7DC-66AD156DF123}.Release|x86.Build.0 = Release|Win32
		{462CE8F9-F69F-4340-AA60-252ED0368732}.Debug|x64.ActiveCfg = Debug|x64
		{462CE8F9-F69F-4340-AA60-252ED0368732}.Debug|x64.Build.0 = Debug|x64
		{462CE8F9-F69F-4340-AA60-252ED0368732}.Debug|x86.ActiveCfg = Debug|Win32
		{462CE8F9-F69F-4340-AA60-252ED0368732}.Debug|x86.Build.0 = Debug|Win32
		{462CE8F9-F69F-4340-AA60-252ED0368732}.Release|x64.ActiveCfg = Release|x64
		{462CE8F9-F69F-4340-AA60-252ED0368732}.Release|x64.Build.0 = Release|x64
		{462CE8F9-F69F-4340-AA60-252ED0368732}.Release|x86.ActiveCfg = Release|Win32
		{462CE8F9-F69F-4340-AA60-252ED0368732}.Release|x86.Build.0 = Release|Win32
	EndGlobalSection
	GlobalSection(SolutionProperties) = preSolution
		HideSolutionNode = FALSE
	EndGlobalSection
	GlobalSection(NestedProjects) = preSolution
		{C6F770C1-B30B-410C-B3F7-20CE37F2A436} = {849C3C7B-A689-41F3-81DD-4C0F155BC481}
		{83CB1104-B7C7-4693-9C7D-8C10F4B34719} = {849C3C7B-A689-41F3-81DD-4C0F155BC481}
		{75E3F424-E9B9-4F8A-B7DC-66AD156DF123} = {849C3C7B-A689-41F3-81DD-4C0F155BC481}
	EndGlobalSection
	GlobalSection(ExtensibilityGlobals) = postSolution
		SolutionGuid = {24C1D5B9-1904-4AA9-9000-BF16CEEA797B}
	EndGlobalSection
EndGlobal
